// !$*UTF8*$!
{
	archiveVersion = 1;
	classes = {
	};
	objectVersion = 45;
	objects = {

/* Begin PBXBuildFile section */
		1D60589B0D05DD56006BFB54 /* main.m in Sources */ = {isa = PBXBuildFile; fileRef = 29B97316FDCFA39411CA2CEA /* main.m */; };
		1D60589F0D05DD5A006BFB54 /* Foundation.framework in Frameworks */ = {isa = PBXBuildFile; fileRef = 1D30AB110D05D00D00671497 /* Foundation.framework */; };
		1DF5F4E00D08C38300B7A737 /* UIKit.framework in Frameworks */ = {isa = PBXBuildFile; fileRef = 1DF5F4DF0D08C38300B7A737 /* UIKit.framework */; };
		2892E4100DC94CBA00A64D0F /* CoreGraphics.framework in Frameworks */ = {isa = PBXBuildFile; fileRef = 2892E40F0DC94CBA00A64D0F /* CoreGraphics.framework */; };
		28AD73600D9D9599002E5188 /* MainWindow.xib in Resources */ = {isa = PBXBuildFile; fileRef = 28AD735F0D9D9599002E5188 /* MainWindow.xib */; };
		28F335F11007B36200424DE2 /* RootViewController.xib in Resources */ = {isa = PBXBuildFile; fileRef = 28F335F01007B36200424DE2 /* RootViewController.xib */; };
		BA7018DD12D63A120048790A /* Icon.png in Resources */ = {isa = PBXBuildFile; fileRef = BA7018DB12D63A120048790A /* Icon.png */; };
		BA7018DE12D63A120048790A /* Icon@2.png in Resources */ = {isa = PBXBuildFile; fileRef = BA7018DC12D63A120048790A /* Icon@2.png */; };
		BA71CC7512CFDA920029C5F7 /* Localizable.strings in Resources */ = {isa = PBXBuildFile; fileRef = BA71CC7412CFDA920029C5F7 /* Localizable.strings */; };
		BA71CD0012D0BFC80029C5F7 /* iKopterAppDelegate.m in Sources */ = {isa = PBXBuildFile; fileRef = BA71CCFD12D0BFC80029C5F7 /* iKopterAppDelegate.m */; };
		BA71CD0112D0BFC80029C5F7 /* MainViewController.m in Sources */ = {isa = PBXBuildFile; fileRef = BA71CCFF12D0BFC80029C5F7 /* MainViewController.m */; };
		BA71CD1612D0C04A0029C5F7 /* MKHost.m in Sources */ = {isa = PBXBuildFile; fileRef = BA71CD1112D0C04A0029C5F7 /* MKHost.m */; };
		BA71CD1712D0C04A0029C5F7 /* MKHosts.m in Sources */ = {isa = PBXBuildFile; fileRef = BA71CD1312D0C04A0029C5F7 /* MKHosts.m */; };
		BA71CD1812D0C04A0029C5F7 /* MKHostViewController.m in Sources */ = {isa = PBXBuildFile; fileRef = BA71CD1512D0C04A0029C5F7 /* MKHostViewController.m */; };
		BA71CD4912D0C0600029C5F7 /* IASKAppSettingsViewController.m in Sources */ = {isa = PBXBuildFile; fileRef = BA71CD1C12D0C0600029C5F7 /* IASKAppSettingsViewController.m */; };
		BA71CD4A12D0C0600029C5F7 /* IASKAppSettingsWebViewController.m in Sources */ = {isa = PBXBuildFile; fileRef = BA71CD1E12D0C0600029C5F7 /* IASKAppSettingsWebViewController.m */; };
		BA71CD4B12D0C0600029C5F7 /* IASKSpecifierValuesViewController.m in Sources */ = {isa = PBXBuildFile; fileRef = BA71CD2012D0C0600029C5F7 /* IASKSpecifierValuesViewController.m */; };
		BA71CD4C12D0C0600029C5F7 /* IASKSettingsReader.m in Sources */ = {isa = PBXBuildFile; fileRef = BA71CD2312D0C0600029C5F7 /* IASKSettingsReader.m */; };
		BA71CD4D12D0C0600029C5F7 /* IASKSettingsStore.m in Sources */ = {isa = PBXBuildFile; fileRef = BA71CD2512D0C0600029C5F7 /* IASKSettingsStore.m */; };
		BA71CD4E12D0C0600029C5F7 /* IASKSettingsStoreFile.m in Sources */ = {isa = PBXBuildFile; fileRef = BA71CD2712D0C0600029C5F7 /* IASKSettingsStoreFile.m */; };
		BA71CD4F12D0C0600029C5F7 /* IASKSettingsStoreObject.m in Sources */ = {isa = PBXBuildFile; fileRef = BA71CD2912D0C0600029C5F7 /* IASKSettingsStoreObject.m */; };
		BA71CD5012D0C0600029C5F7 /* IASKSettingsStoreUserDefaults.m in Sources */ = {isa = PBXBuildFile; fileRef = BA71CD2B12D0C0600029C5F7 /* IASKSettingsStoreUserDefaults.m */; };
		BA71CD5112D0C0600029C5F7 /* IASKSpecifier.m in Sources */ = {isa = PBXBuildFile; fileRef = BA71CD2D12D0C0600029C5F7 /* IASKSpecifier.m */; };
		BA71CD5212D0C0600029C5F7 /* IASKPotiTextField.m in Sources */ = {isa = PBXBuildFile; fileRef = BA71CD3012D0C0600029C5F7 /* IASKPotiTextField.m */; };
		BA71CD5312D0C0600029C5F7 /* IASKPotiTextFieldSpecifierViewCell.m in Sources */ = {isa = PBXBuildFile; fileRef = BA71CD3212D0C0600029C5F7 /* IASKPotiTextFieldSpecifierViewCell.m */; };
		BA71CD5412D0C0600029C5F7 /* IASKPSSliderSpecifierViewCell.m in Sources */ = {isa = PBXBuildFile; fileRef = BA71CD3412D0C0600029C5F7 /* IASKPSSliderSpecifierViewCell.m */; };
		BA71CD5512D0C0600029C5F7 /* IASKPSTextFieldSpecifierViewCell.m in Sources */ = {isa = PBXBuildFile; fileRef = BA71CD3612D0C0600029C5F7 /* IASKPSTextFieldSpecifierViewCell.m */; };
		BA71CD5612D0C0600029C5F7 /* IASKPSTitleValueSpecifierViewCell.m in Sources */ = {isa = PBXBuildFile; fileRef = BA71CD3812D0C0600029C5F7 /* IASKPSTitleValueSpecifierViewCell.m */; };
		BA71CD5712D0C0600029C5F7 /* IASKPSToggleSwitchSpecifierViewCell.m in Sources */ = {isa = PBXBuildFile; fileRef = BA71CD3A12D0C0600029C5F7 /* IASKPSToggleSwitchSpecifierViewCell.m */; };
		BA71CD5812D0C0600029C5F7 /* IASKSlider.m in Sources */ = {isa = PBXBuildFile; fileRef = BA71CD3C12D0C0600029C5F7 /* IASKSlider.m */; };
		BA71CD5912D0C0600029C5F7 /* IASKSwitch.m in Sources */ = {isa = PBXBuildFile; fileRef = BA71CD3E12D0C0600029C5F7 /* IASKSwitch.m */; };
		BA71CD5A12D0C0600029C5F7 /* IASKTextField.m in Sources */ = {isa = PBXBuildFile; fileRef = BA71CD4012D0C0600029C5F7 /* IASKTextField.m */; };
		BA71CD5B12D0C0600029C5F7 /* IASKAppSettingsView.xib in Resources */ = {isa = PBXBuildFile; fileRef = BA71CD4212D0C0600029C5F7 /* IASKAppSettingsView.xib */; };
		BA71CD5C12D0C0600029C5F7 /* IASKAppSettingsWebView.xib in Resources */ = {isa = PBXBuildFile; fileRef = BA71CD4312D0C0600029C5F7 /* IASKAppSettingsWebView.xib */; };
		BA71CD5D12D0C0600029C5F7 /* IASKPotiTextFieldSpecifierViewCell.xib in Resources */ = {isa = PBXBuildFile; fileRef = BA71CD4412D0C0600029C5F7 /* IASKPotiTextFieldSpecifierViewCell.xib */; };
		BA71CD5E12D0C0600029C5F7 /* IASKPSSliderSpecifierViewCell.xib in Resources */ = {isa = PBXBuildFile; fileRef = BA71CD4512D0C0600029C5F7 /* IASKPSSliderSpecifierViewCell.xib */; };
		BA71CD5F12D0C0600029C5F7 /* IASKPSTextFieldSpecifierViewCell.xib in Resources */ = {isa = PBXBuildFile; fileRef = BA71CD4612D0C0600029C5F7 /* IASKPSTextFieldSpecifierViewCell.xib */; };
		BA71CD6012D0C0600029C5F7 /* IASKPSToggleSwitchSpecifierViewCell.xib in Resources */ = {isa = PBXBuildFile; fileRef = BA71CD4712D0C0600029C5F7 /* IASKPSToggleSwitchSpecifierViewCell.xib */; };
		BA71CD6112D0C0600029C5F7 /* IASKSpecifierValuesView.xib in Resources */ = {isa = PBXBuildFile; fileRef = BA71CD4812D0C0600029C5F7 /* IASKSpecifierValuesView.xib */; };
		BA71CD6612D0C0740029C5F7 /* GradientButton.m in Sources */ = {isa = PBXBuildFile; fileRef = BA71CD6312D0C0740029C5F7 /* GradientButton.m */; };
		BA71CD6712D0C0740029C5F7 /* RootViewController.m in Sources */ = {isa = PBXBuildFile; fileRef = BA71CD6512D0C0740029C5F7 /* RootViewController.m */; };
		BA71CD8612D0C0A50029C5F7 /* InAppSettingsPotiValueSpecifierCell.m in Sources */ = {isa = PBXBuildFile; fileRef = BA71CD6B12D0C0A40029C5F7 /* InAppSettingsPotiValueSpecifierCell.m */; };
		BA71CD8712D0C0A50029C5F7 /* InAppSettingsPSChildPaneSpecifierCell.m in Sources */ = {isa = PBXBuildFile; fileRef = BA71CD6D12D0C0A40029C5F7 /* InAppSettingsPSChildPaneSpecifierCell.m */; };
		BA71CD8812D0C0A50029C5F7 /* InAppSettingsPSMultiValueSpecifierCell.m in Sources */ = {isa = PBXBuildFile; fileRef = BA71CD6F12D0C0A40029C5F7 /* InAppSettingsPSMultiValueSpecifierCell.m */; };
		BA71CD8912D0C0A50029C5F7 /* InAppSettingsPSSliderSpecifierCell.m in Sources */ = {isa = PBXBuildFile; fileRef = BA71CD7112D0C0A40029C5F7 /* InAppSettingsPSSliderSpecifierCell.m */; };
		BA71CD8A12D0C0A50029C5F7 /* InAppSettingsPSTextFieldSpecifierCell.m in Sources */ = {isa = PBXBuildFile; fileRef = BA71CD7312D0C0A40029C5F7 /* InAppSettingsPSTextFieldSpecifierCell.m */; };
		BA71CD8B12D0C0A50029C5F7 /* InAppSettingsPSTitleValueSpecifierCell.m in Sources */ = {isa = PBXBuildFile; fileRef = BA71CD7512D0C0A40029C5F7 /* InAppSettingsPSTitleValueSpecifierCell.m */; };
		BA71CD8C12D0C0A50029C5F7 /* InAppSettingsPSToggleSwitchSpecifierCell.m in Sources */ = {isa = PBXBuildFile; fileRef = BA71CD7712D0C0A40029C5F7 /* InAppSettingsPSToggleSwitchSpecifierCell.m */; };
		BA71CD8D12D0C0A50029C5F7 /* InAppSettingsTableCell.m in Sources */ = {isa = PBXBuildFile; fileRef = BA71CD7912D0C0A50029C5F7 /* InAppSettingsTableCell.m */; };
		BA71CD8E12D0C0A50029C5F7 /* InAppSettings.m in Sources */ = {isa = PBXBuildFile; fileRef = BA71CD7B12D0C0A50029C5F7 /* InAppSettings.m */; };
		BA71CD8F12D0C0A50029C5F7 /* InAppSettingsPotiValueController.m in Sources */ = {isa = PBXBuildFile; fileRef = BA71CD7E12D0C0A50029C5F7 /* InAppSettingsPotiValueController.m */; };
		BA71CD9012D0C0A50029C5F7 /* InAppSettingsPotiValueController.xib in Resources */ = {isa = PBXBuildFile; fileRef = BA71CD7F12D0C0A50029C5F7 /* InAppSettingsPotiValueController.xib */; };
		BA71CD9112D0C0A50029C5F7 /* InAppSettingsPSMultiValueSpecifierTable.m in Sources */ = {isa = PBXBuildFile; fileRef = BA71CD8112D0C0A50029C5F7 /* InAppSettingsPSMultiValueSpecifierTable.m */; };
		BA71CD9212D0C0A50029C5F7 /* InAppSettingsReader.m in Sources */ = {isa = PBXBuildFile; fileRef = BA71CD8312D0C0A50029C5F7 /* InAppSettingsReader.m */; };
		BA71CD9312D0C0A50029C5F7 /* InAppSettingsSpecifier.m in Sources */ = {isa = PBXBuildFile; fileRef = BA71CD8512D0C0A50029C5F7 /* InAppSettingsSpecifier.m */; };
		BA71CD9F12D0C15D0029C5F7 /* TTGlobalCore.m in Sources */ = {isa = PBXBuildFile; fileRef = BA71CD9B12D0C15D0029C5F7 /* TTGlobalCore.m */; };
		BA71CDA012D0C15D0029C5F7 /* TTGlobalCorePaths.m in Sources */ = {isa = PBXBuildFile; fileRef = BA71CD9D12D0C15D0029C5F7 /* TTGlobalCorePaths.m */; };
		BA71CDD012D0C2660029C5F7 /* AsyncSocket.m in Sources */ = {isa = PBXBuildFile; fileRef = BA71CDAB12D0C2660029C5F7 /* AsyncSocket.m */; };
		BA71CDD112D0C2660029C5F7 /* MKConnectionController.m in Sources */ = {isa = PBXBuildFile; fileRef = BA71CDAE12D0C2660029C5F7 /* MKConnectionController.m */; };
		BA71CDD212D0C2660029C5F7 /* MKFakeConnection.m in Sources */ = {isa = PBXBuildFile; fileRef = BA71CDB212D0C2660029C5F7 /* MKFakeConnection.m */; };
		BA71CDD312D0C2660029C5F7 /* MKIpConnection.m in Sources */ = {isa = PBXBuildFile; fileRef = BA71CDB412D0C2660029C5F7 /* MKIpConnection.m */; };
		BA71CDD412D0C2660029C5F7 /* MKQmkIpConnection.m in Sources */ = {isa = PBXBuildFile; fileRef = BA71CDB612D0C2660029C5F7 /* MKQmkIpConnection.m */; };
		BA71CDD512D0C2660029C5F7 /* IKDebugData.m in Sources */ = {isa = PBXBuildFile; fileRef = BA71CDB912D0C2660029C5F7 /* IKDebugData.m */; };
		BA71CDD612D0C2660029C5F7 /* IKDebugLabel.m in Sources */ = {isa = PBXBuildFile; fileRef = BA71CDBB12D0C2660029C5F7 /* IKDebugLabel.m */; };
		BA71CDD712D0C2660029C5F7 /* IKDeviceVersion.m in Sources */ = {isa = PBXBuildFile; fileRef = BA71CDBD12D0C2660029C5F7 /* IKDeviceVersion.m */; };
		BA71CDD812D0C2660029C5F7 /* IKLcdDisplay.m in Sources */ = {isa = PBXBuildFile; fileRef = BA71CDBF12D0C2660029C5F7 /* IKLcdDisplay.m */; };
		BA71CDD912D0C2660029C5F7 /* IKLcdMenuPage.m in Sources */ = {isa = PBXBuildFile; fileRef = BA71CDC112D0C2660029C5F7 /* IKLcdMenuPage.m */; };
		BA71CDDA12D0C2660029C5F7 /* IKParamSet.m in Sources */ = {isa = PBXBuildFile; fileRef = BA71CDC412D0C2660029C5F7 /* IKParamSet.m */; };
		BA71CDDB12D0C2660029C5F7 /* NSData+MKCommandDecode.m in Sources */ = {isa = PBXBuildFile; fileRef = BA71CDC612D0C2660029C5F7 /* NSData+MKCommandDecode.m */; };
		BA71CDDC12D0C2660029C5F7 /* NSData+MKCommandEncode.m in Sources */ = {isa = PBXBuildFile; fileRef = BA71CDC812D0C2660029C5F7 /* NSData+MKCommandEncode.m */; };
		BA71CDDD12D0C2660029C5F7 /* NSData+MKPayloadDecode.m in Sources */ = {isa = PBXBuildFile; fileRef = BA71CDCA12D0C2660029C5F7 /* NSData+MKPayloadDecode.m */; };
		BA71CDDE12D0C2660029C5F7 /* NSData+MKPayloadDecodeSetting.m in Sources */ = {isa = PBXBuildFile; fileRef = BA71CDCB12D0C2660029C5F7 /* NSData+MKPayloadDecodeSetting.m */; };
		BA71CDDF12D0C2660029C5F7 /* NSData+MKPayloadEncode.m in Sources */ = {isa = PBXBuildFile; fileRef = BA71CDCD12D0C2660029C5F7 /* NSData+MKPayloadEncode.m */; };
		BA71CDE012D0C2660029C5F7 /* NSData+MKPayloadEncodeSetting.m in Sources */ = {isa = PBXBuildFile; fileRef = BA71CDCE12D0C2660029C5F7 /* NSData+MKPayloadEncodeSetting.m */; };
		BA71CDE412D0C2830029C5F7 /* CFNetwork.framework in Frameworks */ = {isa = PBXBuildFile; fileRef = BA71CDE312D0C2830029C5F7 /* CFNetwork.framework */; };
		BA71CDE612D0C2910029C5F7 /* MessageUI.framework in Frameworks */ = {isa = PBXBuildFile; fileRef = BA71CDE512D0C2910029C5F7 /* MessageUI.framework */; };
		BA71CE0C12D0C3840029C5F7 /* InAppSettings.bundle in Resources */ = {isa = PBXBuildFile; fileRef = BA71CE0A12D0C3840029C5F7 /* InAppSettings.bundle */; };
		BA71CE0D12D0C3840029C5F7 /* Settings.bundle in Resources */ = {isa = PBXBuildFile; fileRef = BA71CE0B12D0C3840029C5F7 /* Settings.bundle */; };
		BA71CE9E12D0D2D40029C5F7 /* LcdViewController.m in Sources */ = {isa = PBXBuildFile; fileRef = BA71CE9C12D0D2D40029C5F7 /* LcdViewController.m */; };
		BA71CE9F12D0D2D40029C5F7 /* LcdViewController.xib in Resources */ = {isa = PBXBuildFile; fileRef = BA71CE9D12D0D2D40029C5F7 /* LcdViewController.xib */; };
		BA71CEAB12D0D43F0029C5F7 /* leftTriangle.png in Resources */ = {isa = PBXBuildFile; fileRef = BA71CEA812D0D43F0029C5F7 /* leftTriangle.png */; };
		BA71CEAC12D0D43F0029C5F7 /* rightTriangle.png in Resources */ = {isa = PBXBuildFile; fileRef = BA71CEA912D0D43F0029C5F7 /* rightTriangle.png */; };
		BA71CEAD12D0D43F0029C5F7 /* star.png in Resources */ = {isa = PBXBuildFile; fileRef = BA71CEAA12D0D43F0029C5F7 /* star.png */; };
		BA71D0A812D266AF0029C5F7 /* SettingsSelectionViewController.m in Sources */ = {isa = PBXBuildFile; fileRef = BA71D0A512D266AF0029C5F7 /* SettingsSelectionViewController.m */; };
		BA71D0A912D266AF0029C5F7 /* SettingViewController.m in Sources */ = {isa = PBXBuildFile; fileRef = BA71D0A712D266AF0029C5F7 /* SettingViewController.m */; };
		BA71D0C012D267270029C5F7 /* ChannelsViewCell.m in Sources */ = {isa = PBXBuildFile; fileRef = BA71D0B012D267270029C5F7 /* ChannelsViewCell.m */; };
		BA71D0C112D267270029C5F7 /* ChannelsViewController.m in Sources */ = {isa = PBXBuildFile; fileRef = BA71D0B212D267270029C5F7 /* ChannelsViewController.m */; };
		BA71D0C212D267270029C5F7 /* EngineTestSliderCell.m in Sources */ = {isa = PBXBuildFile; fileRef = BA71D0B512D267270029C5F7 /* EngineTestSliderCell.m */; };
		BA71D0C312D267270029C5F7 /* EngineTestViewController.m in Sources */ = {isa = PBXBuildFile; fileRef = BA71D0B712D267270029C5F7 /* EngineTestViewController.m */; };
		BA71D0C412D267270029C5F7 /* EngineValues.m in Sources */ = {isa = PBXBuildFile; fileRef = BA71D0B912D267270029C5F7 /* EngineValues.m */; };
		BA71D0C512D267270029C5F7 /* MixerTableViewCell.m in Sources */ = {isa = PBXBuildFile; fileRef = BA71D0BC12D267270029C5F7 /* MixerTableViewCell.m */; };
		BA71D0C612D267270029C5F7 /* MixerTableViewCell.xib in Resources */ = {isa = PBXBuildFile; fileRef = BA71D0BD12D267270029C5F7 /* MixerTableViewCell.xib */; };
		BA71D0C712D267270029C5F7 /* MixerViewController.m in Sources */ = {isa = PBXBuildFile; fileRef = BA71D0BF12D267270029C5F7 /* MixerViewController.m */; };
		BA71D0EE12D2707D0029C5F7 /* AllSettings.plist in Resources */ = {isa = PBXBuildFile; fileRef = BA71D0ED12D2707D0029C5F7 /* AllSettings.plist */; };
/* End PBXBuildFile section */

/* Begin PBXFileReference section */
		1D30AB110D05D00D00671497 /* Foundation.framework */ = {isa = PBXFileReference; lastKnownFileType = wrapper.framework; name = Foundation.framework; path = System/Library/Frameworks/Foundation.framework; sourceTree = SDKROOT; };
		1D6058910D05DD3D006BFB54 /* iKopter.app */ = {isa = PBXFileReference; explicitFileType = wrapper.application; includeInIndex = 0; path = iKopter.app; sourceTree = BUILT_PRODUCTS_DIR; };
		1DF5F4DF0D08C38300B7A737 /* UIKit.framework */ = {isa = PBXFileReference; lastKnownFileType = wrapper.framework; name = UIKit.framework; path = System/Library/Frameworks/UIKit.framework; sourceTree = SDKROOT; };
		2892E40F0DC94CBA00A64D0F /* CoreGraphics.framework */ = {isa = PBXFileReference; lastKnownFileType = wrapper.framework; name = CoreGraphics.framework; path = System/Library/Frameworks/CoreGraphics.framework; sourceTree = SDKROOT; };
		28A0AAE50D9B0CCF005BE974 /* iKopter_Prefix.pch */ = {isa = PBXFileReference; fileEncoding = 4; lastKnownFileType = sourcecode.c.h; path = iKopter_Prefix.pch; sourceTree = "<group>"; };
		28AD735F0D9D9599002E5188 /* MainWindow.xib */ = {isa = PBXFileReference; lastKnownFileType = file.xib; path = MainWindow.xib; sourceTree = "<group>"; };
		28F335F01007B36200424DE2 /* RootViewController.xib */ = {isa = PBXFileReference; lastKnownFileType = file.xib; path = RootViewController.xib; sourceTree = "<group>"; };
		29B97316FDCFA39411CA2CEA /* main.m */ = {isa = PBXFileReference; fileEncoding = 4; lastKnownFileType = sourcecode.c.objc; path = main.m; sourceTree = "<group>"; };
		8D1107310486CEB800E47090 /* iKopter-Info.plist */ = {isa = PBXFileReference; fileEncoding = 4; lastKnownFileType = text.plist.xml; path = "iKopter-Info.plist"; plistStructureDefinitionIdentifier = "com.apple.xcode.plist.structure-definition.iphone.info-plist"; sourceTree = "<group>"; };
		BA7018DB12D63A120048790A /* Icon.png */ = {isa = PBXFileReference; lastKnownFileType = image.png; path = Icon.png; sourceTree = "<group>"; };
		BA7018DC12D63A120048790A /* Icon@2.png */ = {isa = PBXFileReference; lastKnownFileType = image.png; path = "Icon@2.png"; sourceTree = "<group>"; };
		BA71CC7612CFDA9B0029C5F7 /* en */ = {isa = PBXFileReference; lastKnownFileType = text.plist.strings; name = en; path = en.lproj/Localizable.strings; sourceTree = "<group>"; };
		BA71CC7712CFDA9F0029C5F7 /* de */ = {isa = PBXFileReference; lastKnownFileType = text.plist.strings; name = de; path = de.lproj/Localizable.strings; sourceTree = "<group>"; };
		BA71CCFC12D0BFC80029C5F7 /* iKopterAppDelegate.h */ = {isa = PBXFileReference; fileEncoding = 4; lastKnownFileType = sourcecode.c.h; path = iKopterAppDelegate.h; sourceTree = "<group>"; };
		BA71CCFD12D0BFC80029C5F7 /* iKopterAppDelegate.m */ = {isa = PBXFileReference; fileEncoding = 4; lastKnownFileType = sourcecode.c.objc; path = iKopterAppDelegate.m; sourceTree = "<group>"; };
		BA71CCFE12D0BFC80029C5F7 /* MainViewController.h */ = {isa = PBXFileReference; fileEncoding = 4; lastKnownFileType = sourcecode.c.h; path = MainViewController.h; sourceTree = "<group>"; };
		BA71CCFF12D0BFC80029C5F7 /* MainViewController.m */ = {isa = PBXFileReference; fileEncoding = 4; lastKnownFileType = sourcecode.c.objc; path = MainViewController.m; sourceTree = "<group>"; };
		BA71CD1012D0C04A0029C5F7 /* MKHost.h */ = {isa = PBXFileReference; fileEncoding = 4; lastKnownFileType = sourcecode.c.h; path = MKHost.h; sourceTree = "<group>"; };
		BA71CD1112D0C04A0029C5F7 /* MKHost.m */ = {isa = PBXFileReference; fileEncoding = 4; lastKnownFileType = sourcecode.c.objc; path = MKHost.m; sourceTree = "<group>"; };
		BA71CD1212D0C04A0029C5F7 /* MKHosts.h */ = {isa = PBXFileReference; fileEncoding = 4; lastKnownFileType = sourcecode.c.h; path = MKHosts.h; sourceTree = "<group>"; };
		BA71CD1312D0C04A0029C5F7 /* MKHosts.m */ = {isa = PBXFileReference; fileEncoding = 4; lastKnownFileType = sourcecode.c.objc; path = MKHosts.m; sourceTree = "<group>"; };
		BA71CD1412D0C04A0029C5F7 /* MKHostViewController.h */ = {isa = PBXFileReference; fileEncoding = 4; lastKnownFileType = sourcecode.c.h; path = MKHostViewController.h; sourceTree = "<group>"; };
		BA71CD1512D0C04A0029C5F7 /* MKHostViewController.m */ = {isa = PBXFileReference; fileEncoding = 4; lastKnownFileType = sourcecode.c.objc; path = MKHostViewController.m; sourceTree = "<group>"; };
		BA71CD1B12D0C0600029C5F7 /* IASKAppSettingsViewController.h */ = {isa = PBXFileReference; fileEncoding = 4; lastKnownFileType = sourcecode.c.h; path = IASKAppSettingsViewController.h; sourceTree = "<group>"; };
		BA71CD1C12D0C0600029C5F7 /* IASKAppSettingsViewController.m */ = {isa = PBXFileReference; fileEncoding = 4; lastKnownFileType = sourcecode.c.objc; path = IASKAppSettingsViewController.m; sourceTree = "<group>"; };
		BA71CD1D12D0C0600029C5F7 /* IASKAppSettingsWebViewController.h */ = {isa = PBXFileReference; fileEncoding = 4; lastKnownFileType = sourcecode.c.h; path = IASKAppSettingsWebViewController.h; sourceTree = "<group>"; };
		BA71CD1E12D0C0600029C5F7 /* IASKAppSettingsWebViewController.m */ = {isa = PBXFileReference; fileEncoding = 4; lastKnownFileType = sourcecode.c.objc; path = IASKAppSettingsWebViewController.m; sourceTree = "<group>"; };
		BA71CD1F12D0C0600029C5F7 /* IASKSpecifierValuesViewController.h */ = {isa = PBXFileReference; fileEncoding = 4; lastKnownFileType = sourcecode.c.h; path = IASKSpecifierValuesViewController.h; sourceTree = "<group>"; };
		BA71CD2012D0C0600029C5F7 /* IASKSpecifierValuesViewController.m */ = {isa = PBXFileReference; fileEncoding = 4; lastKnownFileType = sourcecode.c.objc; path = IASKSpecifierValuesViewController.m; sourceTree = "<group>"; };
		BA71CD2212D0C0600029C5F7 /* IASKSettingsReader.h */ = {isa = PBXFileReference; fileEncoding = 4; lastKnownFileType = sourcecode.c.h; path = IASKSettingsReader.h; sourceTree = "<group>"; };
		BA71CD2312D0C0600029C5F7 /* IASKSettingsReader.m */ = {isa = PBXFileReference; fileEncoding = 4; lastKnownFileType = sourcecode.c.objc; path = IASKSettingsReader.m; sourceTree = "<group>"; };
		BA71CD2412D0C0600029C5F7 /* IASKSettingsStore.h */ = {isa = PBXFileReference; fileEncoding = 4; lastKnownFileType = sourcecode.c.h; path = IASKSettingsStore.h; sourceTree = "<group>"; };
		BA71CD2512D0C0600029C5F7 /* IASKSettingsStore.m */ = {isa = PBXFileReference; fileEncoding = 4; lastKnownFileType = sourcecode.c.objc; path = IASKSettingsStore.m; sourceTree = "<group>"; };
		BA71CD2612D0C0600029C5F7 /* IASKSettingsStoreFile.h */ = {isa = PBXFileReference; fileEncoding = 4; lastKnownFileType = sourcecode.c.h; path = IASKSettingsStoreFile.h; sourceTree = "<group>"; };
		BA71CD2712D0C0600029C5F7 /* IASKSettingsStoreFile.m */ = {isa = PBXFileReference; fileEncoding = 4; lastKnownFileType = sourcecode.c.objc; path = IASKSettingsStoreFile.m; sourceTree = "<group>"; };
		BA71CD2812D0C0600029C5F7 /* IASKSettingsStoreObject.h */ = {isa = PBXFileReference; fileEncoding = 4; lastKnownFileType = sourcecode.c.h; path = IASKSettingsStoreObject.h; sourceTree = "<group>"; };
		BA71CD2912D0C0600029C5F7 /* IASKSettingsStoreObject.m */ = {isa = PBXFileReference; fileEncoding = 4; lastKnownFileType = sourcecode.c.objc; path = IASKSettingsStoreObject.m; sourceTree = "<group>"; };
		BA71CD2A12D0C0600029C5F7 /* IASKSettingsStoreUserDefaults.h */ = {isa = PBXFileReference; fileEncoding = 4; lastKnownFileType = sourcecode.c.h; path = IASKSettingsStoreUserDefaults.h; sourceTree = "<group>"; };
		BA71CD2B12D0C0600029C5F7 /* IASKSettingsStoreUserDefaults.m */ = {isa = PBXFileReference; fileEncoding = 4; lastKnownFileType = sourcecode.c.objc; path = IASKSettingsStoreUserDefaults.m; sourceTree = "<group>"; };
		BA71CD2C12D0C0600029C5F7 /* IASKSpecifier.h */ = {isa = PBXFileReference; fileEncoding = 4; lastKnownFileType = sourcecode.c.h; path = IASKSpecifier.h; sourceTree = "<group>"; };
		BA71CD2D12D0C0600029C5F7 /* IASKSpecifier.m */ = {isa = PBXFileReference; fileEncoding = 4; lastKnownFileType = sourcecode.c.objc; path = IASKSpecifier.m; sourceTree = "<group>"; };
		BA71CD2F12D0C0600029C5F7 /* IASKPotiTextField.h */ = {isa = PBXFileReference; fileEncoding = 4; lastKnownFileType = sourcecode.c.h; path = IASKPotiTextField.h; sourceTree = "<group>"; };
		BA71CD3012D0C0600029C5F7 /* IASKPotiTextField.m */ = {isa = PBXFileReference; fileEncoding = 4; lastKnownFileType = sourcecode.c.objc; path = IASKPotiTextField.m; sourceTree = "<group>"; };
		BA71CD3112D0C0600029C5F7 /* IASKPotiTextFieldSpecifierViewCell.h */ = {isa = PBXFileReference; fileEncoding = 4; lastKnownFileType = sourcecode.c.h; path = IASKPotiTextFieldSpecifierViewCell.h; sourceTree = "<group>"; };
		BA71CD3212D0C0600029C5F7 /* IASKPotiTextFieldSpecifierViewCell.m */ = {isa = PBXFileReference; fileEncoding = 4; lastKnownFileType = sourcecode.c.objc; path = IASKPotiTextFieldSpecifierViewCell.m; sourceTree = "<group>"; };
		BA71CD3312D0C0600029C5F7 /* IASKPSSliderSpecifierViewCell.h */ = {isa = PBXFileReference; fileEncoding = 4; lastKnownFileType = sourcecode.c.h; path = IASKPSSliderSpecifierViewCell.h; sourceTree = "<group>"; };
		BA71CD3412D0C0600029C5F7 /* IASKPSSliderSpecifierViewCell.m */ = {isa = PBXFileReference; fileEncoding = 4; lastKnownFileType = sourcecode.c.objc; path = IASKPSSliderSpecifierViewCell.m; sourceTree = "<group>"; };
		BA71CD3512D0C0600029C5F7 /* IASKPSTextFieldSpecifierViewCell.h */ = {isa = PBXFileReference; fileEncoding = 4; lastKnownFileType = sourcecode.c.h; path = IASKPSTextFieldSpecifierViewCell.h; sourceTree = "<group>"; };
		BA71CD3612D0C0600029C5F7 /* IASKPSTextFieldSpecifierViewCell.m */ = {isa = PBXFileReference; fileEncoding = 4; lastKnownFileType = sourcecode.c.objc; path = IASKPSTextFieldSpecifierViewCell.m; sourceTree = "<group>"; };
		BA71CD3712D0C0600029C5F7 /* IASKPSTitleValueSpecifierViewCell.h */ = {isa = PBXFileReference; fileEncoding = 4; lastKnownFileType = sourcecode.c.h; path = IASKPSTitleValueSpecifierViewCell.h; sourceTree = "<group>"; };
		BA71CD3812D0C0600029C5F7 /* IASKPSTitleValueSpecifierViewCell.m */ = {isa = PBXFileReference; fileEncoding = 4; lastKnownFileType = sourcecode.c.objc; path = IASKPSTitleValueSpecifierViewCell.m; sourceTree = "<group>"; };
		BA71CD3912D0C0600029C5F7 /* IASKPSToggleSwitchSpecifierViewCell.h */ = {isa = PBXFileReference; fileEncoding = 4; lastKnownFileType = sourcecode.c.h; path = IASKPSToggleSwitchSpecifierViewCell.h; sourceTree = "<group>"; };
		BA71CD3A12D0C0600029C5F7 /* IASKPSToggleSwitchSpecifierViewCell.m */ = {isa = PBXFileReference; fileEncoding = 4; lastKnownFileType = sourcecode.c.objc; path = IASKPSToggleSwitchSpecifierViewCell.m; sourceTree = "<group>"; };
		BA71CD3B12D0C0600029C5F7 /* IASKSlider.h */ = {isa = PBXFileReference; fileEncoding = 4; lastKnownFileType = sourcecode.c.h; path = IASKSlider.h; sourceTree = "<group>"; };
		BA71CD3C12D0C0600029C5F7 /* IASKSlider.m */ = {isa = PBXFileReference; fileEncoding = 4; lastKnownFileType = sourcecode.c.objc; path = IASKSlider.m; sourceTree = "<group>"; };
		BA71CD3D12D0C0600029C5F7 /* IASKSwitch.h */ = {isa = PBXFileReference; fileEncoding = 4; lastKnownFileType = sourcecode.c.h; path = IASKSwitch.h; sourceTree = "<group>"; };
		BA71CD3E12D0C0600029C5F7 /* IASKSwitch.m */ = {isa = PBXFileReference; fileEncoding = 4; lastKnownFileType = sourcecode.c.objc; path = IASKSwitch.m; sourceTree = "<group>"; };
		BA71CD3F12D0C0600029C5F7 /* IASKTextField.h */ = {isa = PBXFileReference; fileEncoding = 4; lastKnownFileType = sourcecode.c.h; path = IASKTextField.h; sourceTree = "<group>"; };
		BA71CD4012D0C0600029C5F7 /* IASKTextField.m */ = {isa = PBXFileReference; fileEncoding = 4; lastKnownFileType = sourcecode.c.objc; path = IASKTextField.m; sourceTree = "<group>"; };
		BA71CD4212D0C0600029C5F7 /* IASKAppSettingsView.xib */ = {isa = PBXFileReference; lastKnownFileType = file.xib; path = IASKAppSettingsView.xib; sourceTree = "<group>"; };
		BA71CD4312D0C0600029C5F7 /* IASKAppSettingsWebView.xib */ = {isa = PBXFileReference; lastKnownFileType = file.xib; path = IASKAppSettingsWebView.xib; sourceTree = "<group>"; };
		BA71CD4412D0C0600029C5F7 /* IASKPotiTextFieldSpecifierViewCell.xib */ = {isa = PBXFileReference; lastKnownFileType = file.xib; path = IASKPotiTextFieldSpecifierViewCell.xib; sourceTree = "<group>"; };
		BA71CD4512D0C0600029C5F7 /* IASKPSSliderSpecifierViewCell.xib */ = {isa = PBXFileReference; lastKnownFileType = file.xib; path = IASKPSSliderSpecifierViewCell.xib; sourceTree = "<group>"; };
		BA71CD4612D0C0600029C5F7 /* IASKPSTextFieldSpecifierViewCell.xib */ = {isa = PBXFileReference; lastKnownFileType = file.xib; path = IASKPSTextFieldSpecifierViewCell.xib; sourceTree = "<group>"; };
		BA71CD4712D0C0600029C5F7 /* IASKPSToggleSwitchSpecifierViewCell.xib */ = {isa = PBXFileReference; lastKnownFileType = file.xib; path = IASKPSToggleSwitchSpecifierViewCell.xib; sourceTree = "<group>"; };
		BA71CD4812D0C0600029C5F7 /* IASKSpecifierValuesView.xib */ = {isa = PBXFileReference; lastKnownFileType = file.xib; path = IASKSpecifierValuesView.xib; sourceTree = "<group>"; };
		BA71CD6212D0C0740029C5F7 /* GradientButton.h */ = {isa = PBXFileReference; fileEncoding = 4; lastKnownFileType = sourcecode.c.h; path = GradientButton.h; sourceTree = "<group>"; };
		BA71CD6312D0C0740029C5F7 /* GradientButton.m */ = {isa = PBXFileReference; fileEncoding = 4; lastKnownFileType = sourcecode.c.objc; path = GradientButton.m; sourceTree = "<group>"; };
		BA71CD6412D0C0740029C5F7 /* RootViewController.h */ = {isa = PBXFileReference; fileEncoding = 4; lastKnownFileType = sourcecode.c.h; path = RootViewController.h; sourceTree = "<group>"; };
		BA71CD6512D0C0740029C5F7 /* RootViewController.m */ = {isa = PBXFileReference; fileEncoding = 4; lastKnownFileType = sourcecode.c.objc; path = RootViewController.m; sourceTree = "<group>"; };
		BA71CD6A12D0C0A40029C5F7 /* InAppSettingsPotiValueSpecifierCell.h */ = {isa = PBXFileReference; fileEncoding = 4; lastKnownFileType = sourcecode.c.h; path = InAppSettingsPotiValueSpecifierCell.h; sourceTree = "<group>"; };
		BA71CD6B12D0C0A40029C5F7 /* InAppSettingsPotiValueSpecifierCell.m */ = {isa = PBXFileReference; fileEncoding = 4; lastKnownFileType = sourcecode.c.objc; path = InAppSettingsPotiValueSpecifierCell.m; sourceTree = "<group>"; };
		BA71CD6C12D0C0A40029C5F7 /* InAppSettingsPSChildPaneSpecifierCell.h */ = {isa = PBXFileReference; fileEncoding = 4; lastKnownFileType = sourcecode.c.h; path = InAppSettingsPSChildPaneSpecifierCell.h; sourceTree = "<group>"; };
		BA71CD6D12D0C0A40029C5F7 /* InAppSettingsPSChildPaneSpecifierCell.m */ = {isa = PBXFileReference; fileEncoding = 4; lastKnownFileType = sourcecode.c.objc; path = InAppSettingsPSChildPaneSpecifierCell.m; sourceTree = "<group>"; };
		BA71CD6E12D0C0A40029C5F7 /* InAppSettingsPSMultiValueSpecifierCell.h */ = {isa = PBXFileReference; fileEncoding = 4; lastKnownFileType = sourcecode.c.h; path = InAppSettingsPSMultiValueSpecifierCell.h; sourceTree = "<group>"; };
		BA71CD6F12D0C0A40029C5F7 /* InAppSettingsPSMultiValueSpecifierCell.m */ = {isa = PBXFileReference; fileEncoding = 4; lastKnownFileType = sourcecode.c.objc; path = InAppSettingsPSMultiValueSpecifierCell.m; sourceTree = "<group>"; };
		BA71CD7012D0C0A40029C5F7 /* InAppSettingsPSSliderSpecifierCell.h */ = {isa = PBXFileReference; fileEncoding = 4; lastKnownFileType = sourcecode.c.h; path = InAppSettingsPSSliderSpecifierCell.h; sourceTree = "<group>"; };
		BA71CD7112D0C0A40029C5F7 /* InAppSettingsPSSliderSpecifierCell.m */ = {isa = PBXFileReference; fileEncoding = 4; lastKnownFileType = sourcecode.c.objc; path = InAppSettingsPSSliderSpecifierCell.m; sourceTree = "<group>"; };
		BA71CD7212D0C0A40029C5F7 /* InAppSettingsPSTextFieldSpecifierCell.h */ = {isa = PBXFileReference; fileEncoding = 4; lastKnownFileType = sourcecode.c.h; path = InAppSettingsPSTextFieldSpecifierCell.h; sourceTree = "<group>"; };
		BA71CD7312D0C0A40029C5F7 /* InAppSettingsPSTextFieldSpecifierCell.m */ = {isa = PBXFileReference; fileEncoding = 4; lastKnownFileType = sourcecode.c.objc; path = InAppSettingsPSTextFieldSpecifierCell.m; sourceTree = "<group>"; };
		BA71CD7412D0C0A40029C5F7 /* InAppSettingsPSTitleValueSpecifierCell.h */ = {isa = PBXFileReference; fileEncoding = 4; lastKnownFileType = sourcecode.c.h; path = InAppSettingsPSTitleValueSpecifierCell.h; sourceTree = "<group>"; };
		BA71CD7512D0C0A40029C5F7 /* InAppSettingsPSTitleValueSpecifierCell.m */ = {isa = PBXFileReference; fileEncoding = 4; lastKnownFileType = sourcecode.c.objc; path = InAppSettingsPSTitleValueSpecifierCell.m; sourceTree = "<group>"; };
		BA71CD7612D0C0A40029C5F7 /* InAppSettingsPSToggleSwitchSpecifierCell.h */ = {isa = PBXFileReference; fileEncoding = 4; lastKnownFileType = sourcecode.c.h; path = InAppSettingsPSToggleSwitchSpecifierCell.h; sourceTree = "<group>"; };
		BA71CD7712D0C0A40029C5F7 /* InAppSettingsPSToggleSwitchSpecifierCell.m */ = {isa = PBXFileReference; fileEncoding = 4; lastKnownFileType = sourcecode.c.objc; path = InAppSettingsPSToggleSwitchSpecifierCell.m; sourceTree = "<group>"; };
		BA71CD7812D0C0A40029C5F7 /* InAppSettingsTableCell.h */ = {isa = PBXFileReference; fileEncoding = 4; lastKnownFileType = sourcecode.c.h; path = InAppSettingsTableCell.h; sourceTree = "<group>"; };
		BA71CD7912D0C0A50029C5F7 /* InAppSettingsTableCell.m */ = {isa = PBXFileReference; fileEncoding = 4; lastKnownFileType = sourcecode.c.objc; path = InAppSettingsTableCell.m; sourceTree = "<group>"; };
		BA71CD7A12D0C0A50029C5F7 /* InAppSettings.h */ = {isa = PBXFileReference; fileEncoding = 4; lastKnownFileType = sourcecode.c.h; path = InAppSettings.h; sourceTree = "<group>"; };
		BA71CD7B12D0C0A50029C5F7 /* InAppSettings.m */ = {isa = PBXFileReference; fileEncoding = 4; lastKnownFileType = sourcecode.c.objc; path = InAppSettings.m; sourceTree = "<group>"; };
		BA71CD7C12D0C0A50029C5F7 /* InAppSettingsConstants.h */ = {isa = PBXFileReference; fileEncoding = 4; lastKnownFileType = sourcecode.c.h; path = InAppSettingsConstants.h; sourceTree = "<group>"; };
		BA71CD7D12D0C0A50029C5F7 /* InAppSettingsPotiValueController.h */ = {isa = PBXFileReference; fileEncoding = 4; lastKnownFileType = sourcecode.c.h; path = InAppSettingsPotiValueController.h; sourceTree = "<group>"; };
		BA71CD7E12D0C0A50029C5F7 /* InAppSettingsPotiValueController.m */ = {isa = PBXFileReference; fileEncoding = 4; lastKnownFileType = sourcecode.c.objc; path = InAppSettingsPotiValueController.m; sourceTree = "<group>"; };
		BA71CD7F12D0C0A50029C5F7 /* InAppSettingsPotiValueController.xib */ = {isa = PBXFileReference; lastKnownFileType = file.xib; path = InAppSettingsPotiValueController.xib; sourceTree = "<group>"; };
		BA71CD8012D0C0A50029C5F7 /* InAppSettingsPSMultiValueSpecifierTable.h */ = {isa = PBXFileReference; fileEncoding = 4; lastKnownFileType = sourcecode.c.h; path = InAppSettingsPSMultiValueSpecifierTable.h; sourceTree = "<group>"; };
		BA71CD8112D0C0A50029C5F7 /* InAppSettingsPSMultiValueSpecifierTable.m */ = {isa = PBXFileReference; fileEncoding = 4; lastKnownFileType = sourcecode.c.objc; path = InAppSettingsPSMultiValueSpecifierTable.m; sourceTree = "<group>"; };
		BA71CD8212D0C0A50029C5F7 /* InAppSettingsReader.h */ = {isa = PBXFileReference; fileEncoding = 4; lastKnownFileType = sourcecode.c.h; path = InAppSettingsReader.h; sourceTree = "<group>"; };
		BA71CD8312D0C0A50029C5F7 /* InAppSettingsReader.m */ = {isa = PBXFileReference; fileEncoding = 4; lastKnownFileType = sourcecode.c.objc; path = InAppSettingsReader.m; sourceTree = "<group>"; };
		BA71CD8412D0C0A50029C5F7 /* InAppSettingsSpecifier.h */ = {isa = PBXFileReference; fileEncoding = 4; lastKnownFileType = sourcecode.c.h; path = InAppSettingsSpecifier.h; sourceTree = "<group>"; };
		BA71CD8512D0C0A50029C5F7 /* InAppSettingsSpecifier.m */ = {isa = PBXFileReference; fileEncoding = 4; lastKnownFileType = sourcecode.c.objc; path = InAppSettingsSpecifier.m; sourceTree = "<group>"; };
		BA71CD9912D0C15D0029C5F7 /* TTCorePreprocessorMacros.h */ = {isa = PBXFileReference; fileEncoding = 4; lastKnownFileType = sourcecode.c.h; path = TTCorePreprocessorMacros.h; sourceTree = "<group>"; };
		BA71CD9A12D0C15D0029C5F7 /* TTGlobalCore.h */ = {isa = PBXFileReference; fileEncoding = 4; lastKnownFileType = sourcecode.c.h; path = TTGlobalCore.h; sourceTree = "<group>"; };
		BA71CD9B12D0C15D0029C5F7 /* TTGlobalCore.m */ = {isa = PBXFileReference; fileEncoding = 4; lastKnownFileType = sourcecode.c.objc; path = TTGlobalCore.m; sourceTree = "<group>"; };
		BA71CD9C12D0C15D0029C5F7 /* TTGlobalCorePaths.h */ = {isa = PBXFileReference; fileEncoding = 4; lastKnownFileType = sourcecode.c.h; path = TTGlobalCorePaths.h; sourceTree = "<group>"; };
		BA71CD9D12D0C15D0029C5F7 /* TTGlobalCorePaths.m */ = {isa = PBXFileReference; fileEncoding = 4; lastKnownFileType = sourcecode.c.objc; path = TTGlobalCorePaths.m; sourceTree = "<group>"; };
		BA71CDAA12D0C2660029C5F7 /* AsyncSocket.h */ = {isa = PBXFileReference; fileEncoding = 4; lastKnownFileType = sourcecode.c.h; path = AsyncSocket.h; sourceTree = "<group>"; };
		BA71CDAB12D0C2660029C5F7 /* AsyncSocket.m */ = {isa = PBXFileReference; fileEncoding = 4; lastKnownFileType = sourcecode.c.objc; path = AsyncSocket.m; sourceTree = "<group>"; };
		BA71CDAC12D0C2660029C5F7 /* MKConnection.h */ = {isa = PBXFileReference; fileEncoding = 4; lastKnownFileType = sourcecode.c.h; path = MKConnection.h; sourceTree = "<group>"; };
		BA71CDAD12D0C2660029C5F7 /* MKConnectionController.h */ = {isa = PBXFileReference; fileEncoding = 4; lastKnownFileType = sourcecode.c.h; path = MKConnectionController.h; sourceTree = "<group>"; };
		BA71CDAE12D0C2660029C5F7 /* MKConnectionController.m */ = {isa = PBXFileReference; fileEncoding = 4; lastKnownFileType = sourcecode.c.objc; path = MKConnectionController.m; sourceTree = "<group>"; };
		BA71CDAF12D0C2660029C5F7 /* MKDataConstants.h */ = {isa = PBXFileReference; fileEncoding = 4; lastKnownFileType = sourcecode.c.h; path = MKDataConstants.h; sourceTree = "<group>"; };
		BA71CDB012D0C2660029C5F7 /* MKDatatypes.h */ = {isa = PBXFileReference; fileEncoding = 4; lastKnownFileType = sourcecode.c.h; path = MKDatatypes.h; sourceTree = "<group>"; };
		BA71CDB112D0C2660029C5F7 /* MKFakeConnection.h */ = {isa = PBXFileReference; fileEncoding = 4; lastKnownFileType = sourcecode.c.h; path = MKFakeConnection.h; sourceTree = "<group>"; };
		BA71CDB212D0C2660029C5F7 /* MKFakeConnection.m */ = {isa = PBXFileReference; fileEncoding = 4; lastKnownFileType = sourcecode.c.objc; path = MKFakeConnection.m; sourceTree = "<group>"; };
		BA71CDB312D0C2660029C5F7 /* MKIpConnection.h */ = {isa = PBXFileReference; fileEncoding = 4; lastKnownFileType = sourcecode.c.h; path = MKIpConnection.h; sourceTree = "<group>"; };
		BA71CDB412D0C2660029C5F7 /* MKIpConnection.m */ = {isa = PBXFileReference; fileEncoding = 4; lastKnownFileType = sourcecode.c.objc; path = MKIpConnection.m; sourceTree = "<group>"; };
		BA71CDB512D0C2660029C5F7 /* MKQmkIpConnection.h */ = {isa = PBXFileReference; fileEncoding = 4; lastKnownFileType = sourcecode.c.h; path = MKQmkIpConnection.h; sourceTree = "<group>"; };
		BA71CDB612D0C2660029C5F7 /* MKQmkIpConnection.m */ = {isa = PBXFileReference; fileEncoding = 4; lastKnownFileType = sourcecode.c.objc; path = MKQmkIpConnection.m; sourceTree = "<group>"; };
		BA71CDB812D0C2660029C5F7 /* IKDebugData.h */ = {isa = PBXFileReference; fileEncoding = 4; lastKnownFileType = sourcecode.c.h; path = IKDebugData.h; sourceTree = "<group>"; };
		BA71CDB912D0C2660029C5F7 /* IKDebugData.m */ = {isa = PBXFileReference; fileEncoding = 4; lastKnownFileType = sourcecode.c.objc; path = IKDebugData.m; sourceTree = "<group>"; };
		BA71CDBA12D0C2660029C5F7 /* IKDebugLabel.h */ = {isa = PBXFileReference; fileEncoding = 4; lastKnownFileType = sourcecode.c.h; path = IKDebugLabel.h; sourceTree = "<group>"; };
		BA71CDBB12D0C2660029C5F7 /* IKDebugLabel.m */ = {isa = PBXFileReference; fileEncoding = 4; lastKnownFileType = sourcecode.c.objc; path = IKDebugLabel.m; sourceTree = "<group>"; };
		BA71CDBC12D0C2660029C5F7 /* IKDeviceVersion.h */ = {isa = PBXFileReference; fileEncoding = 4; lastKnownFileType = sourcecode.c.h; path = IKDeviceVersion.h; sourceTree = "<group>"; };
		BA71CDBD12D0C2660029C5F7 /* IKDeviceVersion.m */ = {isa = PBXFileReference; fileEncoding = 4; lastKnownFileType = sourcecode.c.objc; path = IKDeviceVersion.m; sourceTree = "<group>"; };
		BA71CDBE12D0C2660029C5F7 /* IKLcdDisplay.h */ = {isa = PBXFileReference; fileEncoding = 4; lastKnownFileType = sourcecode.c.h; path = IKLcdDisplay.h; sourceTree = "<group>"; };
		BA71CDBF12D0C2660029C5F7 /* IKLcdDisplay.m */ = {isa = PBXFileReference; fileEncoding = 4; lastKnownFileType = sourcecode.c.objc; path = IKLcdDisplay.m; sourceTree = "<group>"; };
		BA71CDC012D0C2660029C5F7 /* IKLcdMenuPage.h */ = {isa = PBXFileReference; fileEncoding = 4; lastKnownFileType = sourcecode.c.h; path = IKLcdMenuPage.h; sourceTree = "<group>"; };
		BA71CDC112D0C2660029C5F7 /* IKLcdMenuPage.m */ = {isa = PBXFileReference; fileEncoding = 4; lastKnownFileType = sourcecode.c.objc; path = IKLcdMenuPage.m; sourceTree = "<group>"; };
		BA71CDC212D0C2660029C5F7 /* IKMkDataTypes.h */ = {isa = PBXFileReference; fileEncoding = 4; lastKnownFileType = sourcecode.c.h; path = IKMkDataTypes.h; sourceTree = "<group>"; };
		BA71CDC312D0C2660029C5F7 /* IKParamSet.h */ = {isa = PBXFileReference; fileEncoding = 4; lastKnownFileType = sourcecode.c.h; path = IKParamSet.h; sourceTree = "<group>"; };
		BA71CDC412D0C2660029C5F7 /* IKParamSet.m */ = {isa = PBXFileReference; fileEncoding = 4; lastKnownFileType = sourcecode.c.objc; path = IKParamSet.m; sourceTree = "<group>"; };
		BA71CDC512D0C2660029C5F7 /* NSData+MKCommandDecode.h */ = {isa = PBXFileReference; fileEncoding = 4; lastKnownFileType = sourcecode.c.h; path = "NSData+MKCommandDecode.h"; sourceTree = "<group>"; };
		BA71CDC612D0C2660029C5F7 /* NSData+MKCommandDecode.m */ = {isa = PBXFileReference; fileEncoding = 4; lastKnownFileType = sourcecode.c.objc; path = "NSData+MKCommandDecode.m"; sourceTree = "<group>"; };
		BA71CDC712D0C2660029C5F7 /* NSData+MKCommandEncode.h */ = {isa = PBXFileReference; fileEncoding = 4; lastKnownFileType = sourcecode.c.h; path = "NSData+MKCommandEncode.h"; sourceTree = "<group>"; };
		BA71CDC812D0C2660029C5F7 /* NSData+MKCommandEncode.m */ = {isa = PBXFileReference; fileEncoding = 4; lastKnownFileType = sourcecode.c.objc; path = "NSData+MKCommandEncode.m"; sourceTree = "<group>"; };
		BA71CDC912D0C2660029C5F7 /* NSData+MKPayloadDecode.h */ = {isa = PBXFileReference; fileEncoding = 4; lastKnownFileType = sourcecode.c.h; path = "NSData+MKPayloadDecode.h"; sourceTree = "<group>"; };
		BA71CDCA12D0C2660029C5F7 /* NSData+MKPayloadDecode.m */ = {isa = PBXFileReference; fileEncoding = 4; lastKnownFileType = sourcecode.c.objc; path = "NSData+MKPayloadDecode.m"; sourceTree = "<group>"; };
		BA71CDCB12D0C2660029C5F7 /* NSData+MKPayloadDecodeSetting.m */ = {isa = PBXFileReference; fileEncoding = 4; lastKnownFileType = sourcecode.c.objc; path = "NSData+MKPayloadDecodeSetting.m"; sourceTree = "<group>"; };
		BA71CDCC12D0C2660029C5F7 /* NSData+MKPayloadEncode.h */ = {isa = PBXFileReference; fileEncoding = 4; lastKnownFileType = sourcecode.c.h; path = "NSData+MKPayloadEncode.h"; sourceTree = "<group>"; };
		BA71CDCD12D0C2660029C5F7 /* NSData+MKPayloadEncode.m */ = {isa = PBXFileReference; fileEncoding = 4; lastKnownFileType = sourcecode.c.objc; path = "NSData+MKPayloadEncode.m"; sourceTree = "<group>"; };
		BA71CDCE12D0C2660029C5F7 /* NSData+MKPayloadEncodeSetting.m */ = {isa = PBXFileReference; fileEncoding = 4; lastKnownFileType = sourcecode.c.objc; path = "NSData+MKPayloadEncodeSetting.m"; sourceTree = "<group>"; };
		BA71CDCF12D0C2660029C5F7 /* SynthesizeSingleton.h */ = {isa = PBXFileReference; fileEncoding = 4; lastKnownFileType = sourcecode.c.h; path = SynthesizeSingleton.h; sourceTree = "<group>"; };
		BA71CDE312D0C2830029C5F7 /* CFNetwork.framework */ = {isa = PBXFileReference; lastKnownFileType = wrapper.framework; name = CFNetwork.framework; path = System/Library/Frameworks/CFNetwork.framework; sourceTree = SDKROOT; };
		BA71CDE512D0C2910029C5F7 /* MessageUI.framework */ = {isa = PBXFileReference; lastKnownFileType = wrapper.framework; name = MessageUI.framework; path = System/Library/Frameworks/MessageUI.framework; sourceTree = SDKROOT; };
		BA71CE0A12D0C3840029C5F7 /* InAppSettings.bundle */ = {isa = PBXFileReference; lastKnownFileType = "wrapper.plug-in"; path = InAppSettings.bundle; sourceTree = "<group>"; };
		BA71CE0B12D0C3840029C5F7 /* Settings.bundle */ = {isa = PBXFileReference; lastKnownFileType = "wrapper.plug-in"; path = Settings.bundle; sourceTree = "<group>"; };
		BA71CE9B12D0D2D40029C5F7 /* LcdViewController.h */ = {isa = PBXFileReference; fileEncoding = 4; lastKnownFileType = sourcecode.c.h; path = LcdViewController.h; sourceTree = "<group>"; };
		BA71CE9C12D0D2D40029C5F7 /* LcdViewController.m */ = {isa = PBXFileReference; fileEncoding = 4; lastKnownFileType = sourcecode.c.objc; path = LcdViewController.m; sourceTree = "<group>"; };
		BA71CE9D12D0D2D40029C5F7 /* LcdViewController.xib */ = {isa = PBXFileReference; lastKnownFileType = file.xib; path = LcdViewController.xib; sourceTree = "<group>"; };
		BA71CEA812D0D43F0029C5F7 /* leftTriangle.png */ = {isa = PBXFileReference; lastKnownFileType = image.png; path = leftTriangle.png; sourceTree = "<group>"; };
		BA71CEA912D0D43F0029C5F7 /* rightTriangle.png */ = {isa = PBXFileReference; lastKnownFileType = image.png; path = rightTriangle.png; sourceTree = "<group>"; };
		BA71CEAA12D0D43F0029C5F7 /* star.png */ = {isa = PBXFileReference; lastKnownFileType = image.png; path = star.png; sourceTree = "<group>"; };
		BA71D0A412D266AF0029C5F7 /* SettingsSelectionViewController.h */ = {isa = PBXFileReference; fileEncoding = 4; lastKnownFileType = sourcecode.c.h; path = SettingsSelectionViewController.h; sourceTree = "<group>"; };
		BA71D0A512D266AF0029C5F7 /* SettingsSelectionViewController.m */ = {isa = PBXFileReference; fileEncoding = 4; lastKnownFileType = sourcecode.c.objc; path = SettingsSelectionViewController.m; sourceTree = "<group>"; };
		BA71D0A612D266AF0029C5F7 /* SettingViewController.h */ = {isa = PBXFileReference; fileEncoding = 4; lastKnownFileType = sourcecode.c.h; path = SettingViewController.h; sourceTree = "<group>"; };
		BA71D0A712D266AF0029C5F7 /* SettingViewController.m */ = {isa = PBXFileReference; fileEncoding = 4; lastKnownFileType = sourcecode.c.objc; path = SettingViewController.m; sourceTree = "<group>"; };
		BA71D0AF12D267270029C5F7 /* ChannelsViewCell.h */ = {isa = PBXFileReference; fileEncoding = 4; lastKnownFileType = sourcecode.c.h; path = ChannelsViewCell.h; sourceTree = "<group>"; };
		BA71D0B012D267270029C5F7 /* ChannelsViewCell.m */ = {isa = PBXFileReference; fileEncoding = 4; lastKnownFileType = sourcecode.c.objc; path = ChannelsViewCell.m; sourceTree = "<group>"; };
		BA71D0B112D267270029C5F7 /* ChannelsViewController.h */ = {isa = PBXFileReference; fileEncoding = 4; lastKnownFileType = sourcecode.c.h; path = ChannelsViewController.h; sourceTree = "<group>"; };
		BA71D0B212D267270029C5F7 /* ChannelsViewController.m */ = {isa = PBXFileReference; fileEncoding = 4; lastKnownFileType = sourcecode.c.objc; path = ChannelsViewController.m; sourceTree = "<group>"; };
		BA71D0B412D267270029C5F7 /* EngineTestSliderCell.h */ = {isa = PBXFileReference; fileEncoding = 4; lastKnownFileType = sourcecode.c.h; path = EngineTestSliderCell.h; sourceTree = "<group>"; };
		BA71D0B512D267270029C5F7 /* EngineTestSliderCell.m */ = {isa = PBXFileReference; fileEncoding = 4; lastKnownFileType = sourcecode.c.objc; path = EngineTestSliderCell.m; sourceTree = "<group>"; };
		BA71D0B612D267270029C5F7 /* EngineTestViewController.h */ = {isa = PBXFileReference; fileEncoding = 4; lastKnownFileType = sourcecode.c.h; path = EngineTestViewController.h; sourceTree = "<group>"; };
		BA71D0B712D267270029C5F7 /* EngineTestViewController.m */ = {isa = PBXFileReference; fileEncoding = 4; lastKnownFileType = sourcecode.c.objc; path = EngineTestViewController.m; sourceTree = "<group>"; };
		BA71D0B812D267270029C5F7 /* EngineValues.h */ = {isa = PBXFileReference; fileEncoding = 4; lastKnownFileType = sourcecode.c.h; path = EngineValues.h; sourceTree = "<group>"; };
		BA71D0B912D267270029C5F7 /* EngineValues.m */ = {isa = PBXFileReference; fileEncoding = 4; lastKnownFileType = sourcecode.c.objc; path = EngineValues.m; sourceTree = "<group>"; };
		BA71D0BB12D267270029C5F7 /* MixerTableViewCell.h */ = {isa = PBXFileReference; fileEncoding = 4; lastKnownFileType = sourcecode.c.h; path = MixerTableViewCell.h; sourceTree = "<group>"; };
		BA71D0BC12D267270029C5F7 /* MixerTableViewCell.m */ = {isa = PBXFileReference; fileEncoding = 4; lastKnownFileType = sourcecode.c.objc; path = MixerTableViewCell.m; sourceTree = "<group>"; };
		BA71D0BD12D267270029C5F7 /* MixerTableViewCell.xib */ = {isa = PBXFileReference; lastKnownFileType = file.xib; path = MixerTableViewCell.xib; sourceTree = "<group>"; };
		BA71D0BE12D267270029C5F7 /* MixerViewController.h */ = {isa = PBXFileReference; fileEncoding = 4; lastKnownFileType = sourcecode.c.h; path = MixerViewController.h; sourceTree = "<group>"; };
		BA71D0BF12D267270029C5F7 /* MixerViewController.m */ = {isa = PBXFileReference; fileEncoding = 4; lastKnownFileType = sourcecode.c.objc; path = MixerViewController.m; sourceTree = "<group>"; };
		BA71D0ED12D2707D0029C5F7 /* AllSettings.plist */ = {isa = PBXFileReference; fileEncoding = 4; lastKnownFileType = text.plist.xml; path = AllSettings.plist; sourceTree = "<group>"; };
/* End PBXFileReference section */

/* Begin PBXFrameworksBuildPhase section */
		1D60588F0D05DD3D006BFB54 /* Frameworks */ = {
			isa = PBXFrameworksBuildPhase;
			buildActionMask = 2147483647;
			files = (
				1D60589F0D05DD5A006BFB54 /* Foundation.framework in Frameworks */,
				1DF5F4E00D08C38300B7A737 /* UIKit.framework in Frameworks */,
				2892E4100DC94CBA00A64D0F /* CoreGraphics.framework in Frameworks */,
				BA71CDE412D0C2830029C5F7 /* CFNetwork.framework in Frameworks */,
				BA71CDE612D0C2910029C5F7 /* MessageUI.framework in Frameworks */,
			);
			runOnlyForDeploymentPostprocessing = 0;
		};
/* End PBXFrameworksBuildPhase section */

/* Begin PBXGroup section */
		080E96DDFE201D6D7F000001 /* Classes */ = {
			isa = PBXGroup;
			children = (
				BA71D0AE12D267270029C5F7 /* Channels */,
				BA71D0B312D267270029C5F7 /* EngineTest */,
				BA71D0BA12D267270029C5F7 /* Mixer */,
				BA71D0A312D266AF0029C5F7 /* Settings */,
				BA71CE9A12D0D2D40029C5F7 /* Lcd */,
				BA71CDA812D0C2660029C5F7 /* Communication */,
				BA71CD9612D0C15D0029C5F7 /* three20 */,
				BA71CD6812D0C0A40029C5F7 /* InAppSettings */,
				BA71CD1912D0C0600029C5F7 /* InAppSettingsKit */,
				BA71CD0F12D0C04A0029C5F7 /* Hosts */,
				BA71CCFB12D0BFC80029C5F7 /* Main */,
			);
			path = Classes;
			sourceTree = "<group>";
		};
		19C28FACFE9D520D11CA2CBB /* Products */ = {
			isa = PBXGroup;
			children = (
				1D6058910D05DD3D006BFB54 /* iKopter.app */,
			);
			name = Products;
			sourceTree = "<group>";
		};
		29B97314FDCFA39411CA2CEA /* CustomTemplate */ = {
			isa = PBXGroup;
			children = (
				080E96DDFE201D6D7F000001 /* Classes */,
				29B97315FDCFA39411CA2CEA /* Other Sources */,
				29B97317FDCFA39411CA2CEA /* Resources */,
				29B97323FDCFA39411CA2CEA /* Frameworks */,
				19C28FACFE9D520D11CA2CBB /* Products */,
				BA71CDE312D0C2830029C5F7 /* CFNetwork.framework */,
			);
			name = CustomTemplate;
			sourceTree = "<group>";
		};
		29B97315FDCFA39411CA2CEA /* Other Sources */ = {
			isa = PBXGroup;
			children = (
				28A0AAE50D9B0CCF005BE974 /* iKopter_Prefix.pch */,
				29B97316FDCFA39411CA2CEA /* main.m */,
			);
			name = "Other Sources";
			sourceTree = "<group>";
		};
		29B97317FDCFA39411CA2CEA /* Resources */ = {
			isa = PBXGroup;
			children = (
				BA71D0ED12D2707D0029C5F7 /* AllSettings.plist */,
				BA7018DB12D63A120048790A /* Icon.png */,
				BA7018DC12D63A120048790A /* Icon@2.png */,
				BA71CE0A12D0C3840029C5F7 /* InAppSettings.bundle */,
				BA71CE0B12D0C3840029C5F7 /* Settings.bundle */,
				BA71CCD112CFF1730029C5F7 /* images */,
				28F335F01007B36200424DE2 /* RootViewController.xib */,
				28AD735F0D9D9599002E5188 /* MainWindow.xib */,
				8D1107310486CEB800E47090 /* iKopter-Info.plist */,
				BA71CC7412CFDA920029C5F7 /* Localizable.strings */,
			);
			name = Resources;
			sourceTree = "<group>";
		};
		29B97323FDCFA39411CA2CEA /* Frameworks */ = {
			isa = PBXGroup;
			children = (
				1DF5F4DF0D08C38300B7A737 /* UIKit.framework */,
				1D30AB110D05D00D00671497 /* Foundation.framework */,
				2892E40F0DC94CBA00A64D0F /* CoreGraphics.framework */,
				BA71CDE512D0C2910029C5F7 /* MessageUI.framework */,
			);
			name = Frameworks;
			sourceTree = "<group>";
		};
		BA71CCD112CFF1730029C5F7 /* images */ = {
			isa = PBXGroup;
			children = (
				BA71CEA812D0D43F0029C5F7 /* leftTriangle.png */,
				BA71CEA912D0D43F0029C5F7 /* rightTriangle.png */,
				BA71CEAA12D0D43F0029C5F7 /* star.png */,
			);
			path = images;
			sourceTree = "<group>";
		};
		BA71CCFB12D0BFC80029C5F7 /* Main */ = {
			isa = PBXGroup;
			children = (
				BA71CD6212D0C0740029C5F7 /* GradientButton.h */,
				BA71CD6312D0C0740029C5F7 /* GradientButton.m */,
				BA71CD6412D0C0740029C5F7 /* RootViewController.h */,
				BA71CD6512D0C0740029C5F7 /* RootViewController.m */,
				BA71CCFC12D0BFC80029C5F7 /* iKopterAppDelegate.h */,
				BA71CCFD12D0BFC80029C5F7 /* iKopterAppDelegate.m */,
				BA71CCFE12D0BFC80029C5F7 /* MainViewController.h */,
				BA71CCFF12D0BFC80029C5F7 /* MainViewController.m */,
			);
			path = Main;
			sourceTree = "<group>";
		};
		BA71CD0F12D0C04A0029C5F7 /* Hosts */ = {
			isa = PBXGroup;
			children = (
				BA71CD1012D0C04A0029C5F7 /* MKHost.h */,
				BA71CD1112D0C04A0029C5F7 /* MKHost.m */,
				BA71CD1212D0C04A0029C5F7 /* MKHosts.h */,
				BA71CD1312D0C04A0029C5F7 /* MKHosts.m */,
				BA71CD1412D0C04A0029C5F7 /* MKHostViewController.h */,
				BA71CD1512D0C04A0029C5F7 /* MKHostViewController.m */,
			);
			path = Hosts;
			sourceTree = "<group>";
		};
		BA71CD1912D0C0600029C5F7 /* InAppSettingsKit */ = {
			isa = PBXGroup;
			children = (
				BA71CD1A12D0C0600029C5F7 /* Controllers */,
				BA71CD2112D0C0600029C5F7 /* Models */,
				BA71CD2E12D0C0600029C5F7 /* Views */,
				BA71CD4112D0C0600029C5F7 /* Xibs */,
			);
			path = InAppSettingsKit;
			sourceTree = "<group>";
		};
		BA71CD1A12D0C0600029C5F7 /* Controllers */ = {
			isa = PBXGroup;
			children = (
				BA71CD1B12D0C0600029C5F7 /* IASKAppSettingsViewController.h */,
				BA71CD1C12D0C0600029C5F7 /* IASKAppSettingsViewController.m */,
				BA71CD1D12D0C0600029C5F7 /* IASKAppSettingsWebViewController.h */,
				BA71CD1E12D0C0600029C5F7 /* IASKAppSettingsWebViewController.m */,
				BA71CD1F12D0C0600029C5F7 /* IASKSpecifierValuesViewController.h */,
				BA71CD2012D0C0600029C5F7 /* IASKSpecifierValuesViewController.m */,
			);
			path = Controllers;
			sourceTree = "<group>";
		};
		BA71CD2112D0C0600029C5F7 /* Models */ = {
			isa = PBXGroup;
			children = (
				BA71CD2212D0C0600029C5F7 /* IASKSettingsReader.h */,
				BA71CD2312D0C0600029C5F7 /* IASKSettingsReader.m */,
				BA71CD2412D0C0600029C5F7 /* IASKSettingsStore.h */,
				BA71CD2512D0C0600029C5F7 /* IASKSettingsStore.m */,
				BA71CD2612D0C0600029C5F7 /* IASKSettingsStoreFile.h */,
				BA71CD2712D0C0600029C5F7 /* IASKSettingsStoreFile.m */,
				BA71CD2812D0C0600029C5F7 /* IASKSettingsStoreObject.h */,
				BA71CD2912D0C0600029C5F7 /* IASKSettingsStoreObject.m */,
				BA71CD2A12D0C0600029C5F7 /* IASKSettingsStoreUserDefaults.h */,
				BA71CD2B12D0C0600029C5F7 /* IASKSettingsStoreUserDefaults.m */,
				BA71CD2C12D0C0600029C5F7 /* IASKSpecifier.h */,
				BA71CD2D12D0C0600029C5F7 /* IASKSpecifier.m */,
			);
			path = Models;
			sourceTree = "<group>";
		};
		BA71CD2E12D0C0600029C5F7 /* Views */ = {
			isa = PBXGroup;
			children = (
				BA71CD2F12D0C0600029C5F7 /* IASKPotiTextField.h */,
				BA71CD3012D0C0600029C5F7 /* IASKPotiTextField.m */,
				BA71CD3112D0C0600029C5F7 /* IASKPotiTextFieldSpecifierViewCell.h */,
				BA71CD3212D0C0600029C5F7 /* IASKPotiTextFieldSpecifierViewCell.m */,
				BA71CD3312D0C0600029C5F7 /* IASKPSSliderSpecifierViewCell.h */,
				BA71CD3412D0C0600029C5F7 /* IASKPSSliderSpecifierViewCell.m */,
				BA71CD3512D0C0600029C5F7 /* IASKPSTextFieldSpecifierViewCell.h */,
				BA71CD3612D0C0600029C5F7 /* IASKPSTextFieldSpecifierViewCell.m */,
				BA71CD3712D0C0600029C5F7 /* IASKPSTitleValueSpecifierViewCell.h */,
				BA71CD3812D0C0600029C5F7 /* IASKPSTitleValueSpecifierViewCell.m */,
				BA71CD3912D0C0600029C5F7 /* IASKPSToggleSwitchSpecifierViewCell.h */,
				BA71CD3A12D0C0600029C5F7 /* IASKPSToggleSwitchSpecifierViewCell.m */,
				BA71CD3B12D0C0600029C5F7 /* IASKSlider.h */,
				BA71CD3C12D0C0600029C5F7 /* IASKSlider.m */,
				BA71CD3D12D0C0600029C5F7 /* IASKSwitch.h */,
				BA71CD3E12D0C0600029C5F7 /* IASKSwitch.m */,
				BA71CD3F12D0C0600029C5F7 /* IASKTextField.h */,
				BA71CD4012D0C0600029C5F7 /* IASKTextField.m */,
			);
			path = Views;
			sourceTree = "<group>";
		};
		BA71CD4112D0C0600029C5F7 /* Xibs */ = {
			isa = PBXGroup;
			children = (
				BA71CD4212D0C0600029C5F7 /* IASKAppSettingsView.xib */,
				BA71CD4312D0C0600029C5F7 /* IASKAppSettingsWebView.xib */,
				BA71CD4412D0C0600029C5F7 /* IASKPotiTextFieldSpecifierViewCell.xib */,
				BA71CD4512D0C0600029C5F7 /* IASKPSSliderSpecifierViewCell.xib */,
				BA71CD4612D0C0600029C5F7 /* IASKPSTextFieldSpecifierViewCell.xib */,
				BA71CD4712D0C0600029C5F7 /* IASKPSToggleSwitchSpecifierViewCell.xib */,
				BA71CD4812D0C0600029C5F7 /* IASKSpecifierValuesView.xib */,
			);
			path = Xibs;
			sourceTree = "<group>";
		};
		BA71CD6812D0C0A40029C5F7 /* InAppSettings */ = {
			isa = PBXGroup;
			children = (
				BA71CD6912D0C0A40029C5F7 /* Cells */,
				BA71CD7A12D0C0A50029C5F7 /* InAppSettings.h */,
				BA71CD7B12D0C0A50029C5F7 /* InAppSettings.m */,
				BA71CD7C12D0C0A50029C5F7 /* InAppSettingsConstants.h */,
				BA71CD7D12D0C0A50029C5F7 /* InAppSettingsPotiValueController.h */,
				BA71CD7E12D0C0A50029C5F7 /* InAppSettingsPotiValueController.m */,
				BA71CD7F12D0C0A50029C5F7 /* InAppSettingsPotiValueController.xib */,
				BA71CD8012D0C0A50029C5F7 /* InAppSettingsPSMultiValueSpecifierTable.h */,
				BA71CD8112D0C0A50029C5F7 /* InAppSettingsPSMultiValueSpecifierTable.m */,
				BA71CD8212D0C0A50029C5F7 /* InAppSettingsReader.h */,
				BA71CD8312D0C0A50029C5F7 /* InAppSettingsReader.m */,
				BA71CD8412D0C0A50029C5F7 /* InAppSettingsSpecifier.h */,
				BA71CD8512D0C0A50029C5F7 /* InAppSettingsSpecifier.m */,
			);
			path = InAppSettings;
			sourceTree = "<group>";
		};
		BA71CD6912D0C0A40029C5F7 /* Cells */ = {
			isa = PBXGroup;
			children = (
				BA71CD6A12D0C0A40029C5F7 /* InAppSettingsPotiValueSpecifierCell.h */,
				BA71CD6B12D0C0A40029C5F7 /* InAppSettingsPotiValueSpecifierCell.m */,
				BA71CD6C12D0C0A40029C5F7 /* InAppSettingsPSChildPaneSpecifierCell.h */,
				BA71CD6D12D0C0A40029C5F7 /* InAppSettingsPSChildPaneSpecifierCell.m */,
				BA71CD6E12D0C0A40029C5F7 /* InAppSettingsPSMultiValueSpecifierCell.h */,
				BA71CD6F12D0C0A40029C5F7 /* InAppSettingsPSMultiValueSpecifierCell.m */,
				BA71CD7012D0C0A40029C5F7 /* InAppSettingsPSSliderSpecifierCell.h */,
				BA71CD7112D0C0A40029C5F7 /* InAppSettingsPSSliderSpecifierCell.m */,
				BA71CD7212D0C0A40029C5F7 /* InAppSettingsPSTextFieldSpecifierCell.h */,
				BA71CD7312D0C0A40029C5F7 /* InAppSettingsPSTextFieldSpecifierCell.m */,
				BA71CD7412D0C0A40029C5F7 /* InAppSettingsPSTitleValueSpecifierCell.h */,
				BA71CD7512D0C0A40029C5F7 /* InAppSettingsPSTitleValueSpecifierCell.m */,
				BA71CD7612D0C0A40029C5F7 /* InAppSettingsPSToggleSwitchSpecifierCell.h */,
				BA71CD7712D0C0A40029C5F7 /* InAppSettingsPSToggleSwitchSpecifierCell.m */,
				BA71CD7812D0C0A40029C5F7 /* InAppSettingsTableCell.h */,
				BA71CD7912D0C0A50029C5F7 /* InAppSettingsTableCell.m */,
			);
			path = Cells;
			sourceTree = "<group>";
		};
		BA71CD9612D0C15D0029C5F7 /* three20 */ = {
			isa = PBXGroup;
			children = (
				BA71CD9912D0C15D0029C5F7 /* TTCorePreprocessorMacros.h */,
				BA71CD9A12D0C15D0029C5F7 /* TTGlobalCore.h */,
				BA71CD9B12D0C15D0029C5F7 /* TTGlobalCore.m */,
				BA71CD9C12D0C15D0029C5F7 /* TTGlobalCorePaths.h */,
				BA71CD9D12D0C15D0029C5F7 /* TTGlobalCorePaths.m */,
			);
			path = three20;
			sourceTree = "<group>";
		};
		BA71CDA812D0C2660029C5F7 /* Communication */ = {
			isa = PBXGroup;
			children = (
				BA71CDA912D0C2660029C5F7 /* Lowlevel */,
				BA71CDAC12D0C2660029C5F7 /* MKConnection.h */,
				BA71CDAD12D0C2660029C5F7 /* MKConnectionController.h */,
				BA71CDAE12D0C2660029C5F7 /* MKConnectionController.m */,
				BA71CDAF12D0C2660029C5F7 /* MKDataConstants.h */,
				BA71CDB012D0C2660029C5F7 /* MKDatatypes.h */,
				BA71CDB112D0C2660029C5F7 /* MKFakeConnection.h */,
				BA71CDB212D0C2660029C5F7 /* MKFakeConnection.m */,
				BA71CDB312D0C2660029C5F7 /* MKIpConnection.h */,
				BA71CDB412D0C2660029C5F7 /* MKIpConnection.m */,
				BA71CDB512D0C2660029C5F7 /* MKQmkIpConnection.h */,
				BA71CDB612D0C2660029C5F7 /* MKQmkIpConnection.m */,
				BA71CDB712D0C2660029C5F7 /* Models */,
				BA71CDC512D0C2660029C5F7 /* NSData+MKCommandDecode.h */,
				BA71CDC612D0C2660029C5F7 /* NSData+MKCommandDecode.m */,
				BA71CDC712D0C2660029C5F7 /* NSData+MKCommandEncode.h */,
				BA71CDC812D0C2660029C5F7 /* NSData+MKCommandEncode.m */,
				BA71CDC912D0C2660029C5F7 /* NSData+MKPayloadDecode.h */,
				BA71CDCA12D0C2660029C5F7 /* NSData+MKPayloadDecode.m */,
				BA71CDCB12D0C2660029C5F7 /* NSData+MKPayloadDecodeSetting.m */,
				BA71CDCC12D0C2660029C5F7 /* NSData+MKPayloadEncode.h */,
				BA71CDCD12D0C2660029C5F7 /* NSData+MKPayloadEncode.m */,
				BA71CDCE12D0C2660029C5F7 /* NSData+MKPayloadEncodeSetting.m */,
				BA71CDCF12D0C2660029C5F7 /* SynthesizeSingleton.h */,
			);
			path = Communication;
			sourceTree = "<group>";
		};
		BA71CDA912D0C2660029C5F7 /* Lowlevel */ = {
			isa = PBXGroup;
			children = (
				BA71CDAA12D0C2660029C5F7 /* AsyncSocket.h */,
				BA71CDAB12D0C2660029C5F7 /* AsyncSocket.m */,
			);
			path = Lowlevel;
			sourceTree = "<group>";
		};
		BA71CDB712D0C2660029C5F7 /* Models */ = {
			isa = PBXGroup;
			children = (
				BA71CDB812D0C2660029C5F7 /* IKDebugData.h */,
				BA71CDB912D0C2660029C5F7 /* IKDebugData.m */,
				BA71CDBA12D0C2660029C5F7 /* IKDebugLabel.h */,
				BA71CDBB12D0C2660029C5F7 /* IKDebugLabel.m */,
				BA71CDBC12D0C2660029C5F7 /* IKDeviceVersion.h */,
				BA71CDBD12D0C2660029C5F7 /* IKDeviceVersion.m */,
				BA71CDBE12D0C2660029C5F7 /* IKLcdDisplay.h */,
				BA71CDBF12D0C2660029C5F7 /* IKLcdDisplay.m */,
				BA71CDC012D0C2660029C5F7 /* IKLcdMenuPage.h */,
				BA71CDC112D0C2660029C5F7 /* IKLcdMenuPage.m */,
				BA71CDC212D0C2660029C5F7 /* IKMkDataTypes.h */,
				BA71CDC312D0C2660029C5F7 /* IKParamSet.h */,
				BA71CDC412D0C2660029C5F7 /* IKParamSet.m */,
			);
			path = Models;
			sourceTree = "<group>";
		};
		BA71CE9A12D0D2D40029C5F7 /* Lcd */ = {
			isa = PBXGroup;
			children = (
				BA71CE9B12D0D2D40029C5F7 /* LcdViewController.h */,
				BA71CE9C12D0D2D40029C5F7 /* LcdViewController.m */,
				BA71CE9D12D0D2D40029C5F7 /* LcdViewController.xib */,
			);
			path = Lcd;
			sourceTree = "<group>";
		};
		BA71D0A312D266AF0029C5F7 /* Settings */ = {
			isa = PBXGroup;
			children = (
				BA71D0A412D266AF0029C5F7 /* SettingsSelectionViewController.h */,
				BA71D0A512D266AF0029C5F7 /* SettingsSelectionViewController.m */,
				BA71D0A612D266AF0029C5F7 /* SettingViewController.h */,
				BA71D0A712D266AF0029C5F7 /* SettingViewController.m */,
			);
			path = Settings;
			sourceTree = "<group>";
		};
		BA71D0AE12D267270029C5F7 /* Channels */ = {
			isa = PBXGroup;
			children = (
				BA71D0AF12D267270029C5F7 /* ChannelsViewCell.h */,
				BA71D0B012D267270029C5F7 /* ChannelsViewCell.m */,
				BA71D0B112D267270029C5F7 /* ChannelsViewController.h */,
				BA71D0B212D267270029C5F7 /* ChannelsViewController.m */,
			);
			path = Channels;
			sourceTree = "<group>";
		};
		BA71D0B312D267270029C5F7 /* EngineTest */ = {
			isa = PBXGroup;
			children = (
				BA71D0B412D267270029C5F7 /* EngineTestSliderCell.h */,
				BA71D0B512D267270029C5F7 /* EngineTestSliderCell.m */,
				BA71D0B612D267270029C5F7 /* EngineTestViewController.h */,
				BA71D0B712D267270029C5F7 /* EngineTestViewController.m */,
				BA71D0B812D267270029C5F7 /* EngineValues.h */,
				BA71D0B912D267270029C5F7 /* EngineValues.m */,
			);
			path = EngineTest;
			sourceTree = "<group>";
		};
		BA71D0BA12D267270029C5F7 /* Mixer */ = {
			isa = PBXGroup;
			children = (
				BA71D0BB12D267270029C5F7 /* MixerTableViewCell.h */,
				BA71D0BC12D267270029C5F7 /* MixerTableViewCell.m */,
				BA71D0BD12D267270029C5F7 /* MixerTableViewCell.xib */,
				BA71D0BE12D267270029C5F7 /* MixerViewController.h */,
				BA71D0BF12D267270029C5F7 /* MixerViewController.m */,
			);
			path = Mixer;
			sourceTree = "<group>";
		};
/* End PBXGroup section */

/* Begin PBXNativeTarget section */
		1D6058900D05DD3D006BFB54 /* iKopter */ = {
			isa = PBXNativeTarget;
			buildConfigurationList = 1D6058960D05DD3E006BFB54 /* Build configuration list for PBXNativeTarget "iKopter" */;
			buildPhases = (
				1D60588D0D05DD3D006BFB54 /* Resources */,
				1D60588E0D05DD3D006BFB54 /* Sources */,
				1D60588F0D05DD3D006BFB54 /* Frameworks */,
			);
			buildRules = (
			);
			dependencies = (
			);
			name = iKopter;
			productName = iKopter;
			productReference = 1D6058910D05DD3D006BFB54 /* iKopter.app */;
			productType = "com.apple.product-type.application";
		};
/* End PBXNativeTarget section */

/* Begin PBXProject section */
		29B97313FDCFA39411CA2CEA /* Project object */ = {
			isa = PBXProject;
			buildConfigurationList = C01FCF4E08A954540054247B /* Build configuration list for PBXProject "iKopter" */;
			compatibilityVersion = "Xcode 3.1";
			developmentRegion = English;
			hasScannedForEncodings = 1;
			knownRegions = (
				English,
				Japanese,
				French,
				German,
				en,
				de,
			);
			mainGroup = 29B97314FDCFA39411CA2CEA /* CustomTemplate */;
			projectDirPath = "";
			projectRoot = "";
			targets = (
				1D6058900D05DD3D006BFB54 /* iKopter */,
			);
		};
/* End PBXProject section */

/* Begin PBXResourcesBuildPhase section */
		1D60588D0D05DD3D006BFB54 /* Resources */ = {
			isa = PBXResourcesBuildPhase;
			buildActionMask = 2147483647;
			files = (
				28AD73600D9D9599002E5188 /* MainWindow.xib in Resources */,
				28F335F11007B36200424DE2 /* RootViewController.xib in Resources */,
				BA71CC7512CFDA920029C5F7 /* Localizable.strings in Resources */,
				BA71CD5B12D0C0600029C5F7 /* IASKAppSettingsView.xib in Resources */,
				BA71CD5C12D0C0600029C5F7 /* IASKAppSettingsWebView.xib in Resources */,
				BA71CD5D12D0C0600029C5F7 /* IASKPotiTextFieldSpecifierViewCell.xib in Resources */,
				BA71CD5E12D0C0600029C5F7 /* IASKPSSliderSpecifierViewCell.xib in Resources */,
				BA71CD5F12D0C0600029C5F7 /* IASKPSTextFieldSpecifierViewCell.xib in Resources */,
				BA71CD6012D0C0600029C5F7 /* IASKPSToggleSwitchSpecifierViewCell.xib in Resources */,
				BA71CD6112D0C0600029C5F7 /* IASKSpecifierValuesView.xib in Resources */,
				BA71CD9012D0C0A50029C5F7 /* InAppSettingsPotiValueController.xib in Resources */,
				BA71CE0C12D0C3840029C5F7 /* InAppSettings.bundle in Resources */,
				BA71CE0D12D0C3840029C5F7 /* Settings.bundle in Resources */,
				BA71CE9F12D0D2D40029C5F7 /* LcdViewController.xib in Resources */,
				BA71CEAB12D0D43F0029C5F7 /* leftTriangle.png in Resources */,
				BA71CEAC12D0D43F0029C5F7 /* rightTriangle.png in Resources */,
				BA71CEAD12D0D43F0029C5F7 /* star.png in Resources */,
				BA71D0C612D267270029C5F7 /* MixerTableViewCell.xib in Resources */,
				BA71D0EE12D2707D0029C5F7 /* AllSettings.plist in Resources */,
				BA7018DD12D63A120048790A /* Icon.png in Resources */,
				BA7018DE12D63A120048790A /* Icon@2.png in Resources */,
			);
			runOnlyForDeploymentPostprocessing = 0;
		};
/* End PBXResourcesBuildPhase section */

/* Begin PBXSourcesBuildPhase section */
		1D60588E0D05DD3D006BFB54 /* Sources */ = {
			isa = PBXSourcesBuildPhase;
			buildActionMask = 2147483647;
			files = (
				1D60589B0D05DD56006BFB54 /* main.m in Sources */,
				BA71CD0012D0BFC80029C5F7 /* iKopterAppDelegate.m in Sources */,
				BA71CD0112D0BFC80029C5F7 /* MainViewController.m in Sources */,
				BA71CD1612D0C04A0029C5F7 /* MKHost.m in Sources */,
				BA71CD1712D0C04A0029C5F7 /* MKHosts.m in Sources */,
				BA71CD1812D0C04A0029C5F7 /* MKHostViewController.m in Sources */,
				BA71CD4912D0C0600029C5F7 /* IASKAppSettingsViewController.m in Sources */,
				BA71CD4A12D0C0600029C5F7 /* IASKAppSettingsWebViewController.m in Sources */,
				BA71CD4B12D0C0600029C5F7 /* IASKSpecifierValuesViewController.m in Sources */,
				BA71CD4C12D0C0600029C5F7 /* IASKSettingsReader.m in Sources */,
				BA71CD4D12D0C0600029C5F7 /* IASKSettingsStore.m in Sources */,
				BA71CD4E12D0C0600029C5F7 /* IASKSettingsStoreFile.m in Sources */,
				BA71CD4F12D0C0600029C5F7 /* IASKSettingsStoreObject.m in Sources */,
				BA71CD5012D0C0600029C5F7 /* IASKSettingsStoreUserDefaults.m in Sources */,
				BA71CD5112D0C0600029C5F7 /* IASKSpecifier.m in Sources */,
				BA71CD5212D0C0600029C5F7 /* IASKPotiTextField.m in Sources */,
				BA71CD5312D0C0600029C5F7 /* IASKPotiTextFieldSpecifierViewCell.m in Sources */,
				BA71CD5412D0C0600029C5F7 /* IASKPSSliderSpecifierViewCell.m in Sources */,
				BA71CD5512D0C0600029C5F7 /* IASKPSTextFieldSpecifierViewCell.m in Sources */,
				BA71CD5612D0C0600029C5F7 /* IASKPSTitleValueSpecifierViewCell.m in Sources */,
				BA71CD5712D0C0600029C5F7 /* IASKPSToggleSwitchSpecifierViewCell.m in Sources */,
				BA71CD5812D0C0600029C5F7 /* IASKSlider.m in Sources */,
				BA71CD5912D0C0600029C5F7 /* IASKSwitch.m in Sources */,
				BA71CD5A12D0C0600029C5F7 /* IASKTextField.m in Sources */,
				BA71CD6612D0C0740029C5F7 /* GradientButton.m in Sources */,
				BA71CD6712D0C0740029C5F7 /* RootViewController.m in Sources */,
				BA71CD8612D0C0A50029C5F7 /* InAppSettingsPotiValueSpecifierCell.m in Sources */,
				BA71CD8712D0C0A50029C5F7 /* InAppSettingsPSChildPaneSpecifierCell.m in Sources */,
				BA71CD8812D0C0A50029C5F7 /* InAppSettingsPSMultiValueSpecifierCell.m in Sources */,
				BA71CD8912D0C0A50029C5F7 /* InAppSettingsPSSliderSpecifierCell.m in Sources */,
				BA71CD8A12D0C0A50029C5F7 /* InAppSettingsPSTextFieldSpecifierCell.m in Sources */,
				BA71CD8B12D0C0A50029C5F7 /* InAppSettingsPSTitleValueSpecifierCell.m in Sources */,
				BA71CD8C12D0C0A50029C5F7 /* InAppSettingsPSToggleSwitchSpecifierCell.m in Sources */,
				BA71CD8D12D0C0A50029C5F7 /* InAppSettingsTableCell.m in Sources */,
				BA71CD8E12D0C0A50029C5F7 /* InAppSettings.m in Sources */,
				BA71CD8F12D0C0A50029C5F7 /* InAppSettingsPotiValueController.m in Sources */,
				BA71CD9112D0C0A50029C5F7 /* InAppSettingsPSMultiValueSpecifierTable.m in Sources */,
				BA71CD9212D0C0A50029C5F7 /* InAppSettingsReader.m in Sources */,
				BA71CD9312D0C0A50029C5F7 /* InAppSettingsSpecifier.m in Sources */,
				BA71CD9F12D0C15D0029C5F7 /* TTGlobalCore.m in Sources */,
				BA71CDA012D0C15D0029C5F7 /* TTGlobalCorePaths.m in Sources */,
				BA71CDD012D0C2660029C5F7 /* AsyncSocket.m in Sources */,
				BA71CDD112D0C2660029C5F7 /* MKConnectionController.m in Sources */,
				BA71CDD212D0C2660029C5F7 /* MKFakeConnection.m in Sources */,
				BA71CDD312D0C2660029C5F7 /* MKIpConnection.m in Sources */,
				BA71CDD412D0C2660029C5F7 /* MKQmkIpConnection.m in Sources */,
				BA71CDD512D0C2660029C5F7 /* IKDebugData.m in Sources */,
				BA71CDD612D0C2660029C5F7 /* IKDebugLabel.m in Sources */,
				BA71CDD712D0C2660029C5F7 /* IKDeviceVersion.m in Sources */,
				BA71CDD812D0C2660029C5F7 /* IKLcdDisplay.m in Sources */,
				BA71CDD912D0C2660029C5F7 /* IKLcdMenuPage.m in Sources */,
				BA71CDDA12D0C2660029C5F7 /* IKParamSet.m in Sources */,
				BA71CDDB12D0C2660029C5F7 /* NSData+MKCommandDecode.m in Sources */,
				BA71CDDC12D0C2660029C5F7 /* NSData+MKCommandEncode.m in Sources */,
				BA71CDDD12D0C2660029C5F7 /* NSData+MKPayloadDecode.m in Sources */,
				BA71CDDE12D0C2660029C5F7 /* NSData+MKPayloadDecodeSetting.m in Sources */,
				BA71CDDF12D0C2660029C5F7 /* NSData+MKPayloadEncode.m in Sources */,
				BA71CDE012D0C2660029C5F7 /* NSData+MKPayloadEncodeSetting.m in Sources */,
				BA71CE9E12D0D2D40029C5F7 /* LcdViewController.m in Sources */,
				BA71D0A812D266AF0029C5F7 /* SettingsSelectionViewController.m in Sources */,
				BA71D0A912D266AF0029C5F7 /* SettingViewController.m in Sources */,
				BA71D0C012D267270029C5F7 /* ChannelsViewCell.m in Sources */,
				BA71D0C112D267270029C5F7 /* ChannelsViewController.m in Sources */,
				BA71D0C212D267270029C5F7 /* EngineTestSliderCell.m in Sources */,
				BA71D0C312D267270029C5F7 /* EngineTestViewController.m in Sources */,
				BA71D0C412D267270029C5F7 /* EngineValues.m in Sources */,
				BA71D0C512D267270029C5F7 /* MixerTableViewCell.m in Sources */,
				BA71D0C712D267270029C5F7 /* MixerViewController.m in Sources */,
			);
			runOnlyForDeploymentPostprocessing = 0;
		};
/* End PBXSourcesBuildPhase section */

/* Begin PBXVariantGroup section */
		BA71CC7412CFDA920029C5F7 /* Localizable.strings */ = {
			isa = PBXVariantGroup;
			children = (
				BA71CC7612CFDA9B0029C5F7 /* en */,
				BA71CC7712CFDA9F0029C5F7 /* de */,
			);
			name = Localizable.strings;
			sourceTree = "<group>";
		};
/* End PBXVariantGroup section */

/* Begin XCBuildConfiguration section */
		1D6058940D05DD3E006BFB54 /* Debug */ = {
			isa = XCBuildConfiguration;
			buildSettings = {
				ALWAYS_SEARCH_USER_PATHS = NO;
				COPY_PHASE_STRIP = NO;
				GCC_DYNAMIC_NO_PIC = NO;
				GCC_OPTIMIZATION_LEVEL = 0;
				GCC_PRECOMPILE_PREFIX_HEADER = YES;
				GCC_PREFIX_HEADER = iKopter_Prefix.pch;
				GCC_PREPROCESSOR_DEFINITIONS = "DEBUG=1";
				INFOPLIST_FILE = "iKopter-Info.plist";
				PRODUCT_NAME = iKopter;
			};
			name = Debug;
		};
		1D6058950D05DD3E006BFB54 /* Release */ = {
			isa = XCBuildConfiguration;
			buildSettings = {
				ALWAYS_SEARCH_USER_PATHS = NO;
				COPY_PHASE_STRIP = YES;
				GCC_PRECOMPILE_PREFIX_HEADER = YES;
				GCC_PREFIX_HEADER = iKopter_Prefix.pch;
				INFOPLIST_FILE = "iKopter-Info.plist";
				PRODUCT_NAME = iKopter;
				VALIDATE_PRODUCT = YES;
			};
			name = Release;
		};
		C01FCF4F08A954540054247B /* Debug */ = {
			isa = XCBuildConfiguration;
			buildSettings = {
				ARCHS = "$(ARCHS_STANDARD_32_BIT)";
				"CODE_SIGN_IDENTITY[sdk=iphoneos*]" = "iPhone Developer";
				GCC_C_LANGUAGE_STANDARD = c99;
				GCC_WARN_ABOUT_RETURN_TYPE = YES;
				GCC_WARN_UNUSED_VARIABLE = YES;
				PREBINDING = NO;
				SDKROOT = iphoneos;
			};
			name = Debug;
		};
		C01FCF5008A954540054247B /* Release */ = {
			isa = XCBuildConfiguration;
			buildSettings = {
				ARCHS = "$(ARCHS_STANDARD_32_BIT)";
				"CODE_SIGN_IDENTITY[sdk=iphoneos*]" = "iPhone Developer";
				GCC_C_LANGUAGE_STANDARD = c99;
				GCC_WARN_ABOUT_RETURN_TYPE = YES;
				GCC_WARN_UNUSED_VARIABLE = YES;
				OTHER_CFLAGS = "-DNS_BLOCK_ASSERTIONS=1";
				PREBINDING = NO;
				SDKROOT = iphoneos;
			};
			name = Release;
		};
/* End XCBuildConfiguration section */

/* Begin XCConfigurationList section */
		1D6058960D05DD3E006BFB54 /* Build configuration list for PBXNativeTarget "iKopter" */ = {
			isa = XCConfigurationList;
			buildConfigurations = (
				1D6058940D05DD3E006BFB54 /* Debug */,
				1D6058950D05DD3E006BFB54 /* Release */,
			);
			defaultConfigurationIsVisible = 0;
			defaultConfigurationName = Release;
		};
		C01FCF4E08A954540054247B /* Build configuration list for PBXProject "iKopter" */ = {
			isa = XCConfigurationList;
			buildConfigurations = (
				C01FCF4F08A954540054247B /* Debug */,
				C01FCF5008A954540054247B /* Release */,
			);
			defaultConfigurationIsVisible = 0;
			defaultConfigurationName = Release;
		};
/* End XCConfigurationList section */
	};
	rootObject = 29B97313FDCFA39411CA2CEA /* Project object */;
}
